Microsoft Visual Studio Solution File, Format Version 12.00
# Visual Studio 15
VisualStudioVersion = 15.0.27130.2036
MinimumVisualStudioVersion = 10.0.40219.1
Project("{2150E333-8FDC-42A3-9474-1A3956D46DE8}") = "SampleApp", "SampleApp", "{8F3C8D9E-A33E-4B4F-8499-732BBE1086EC}"
EndProject
Project("{2150E333-8FDC-42A3-9474-1A3956D46DE8}") = "Solution Items", "Solution Items", "{E05747EF-CDAB-43CA-B6CE-53488EDAFCB0}"
	ProjectSection(SolutionItems) = preProject
		LICENSE = LICENSE
		README.md = README.md
	EndProjectSection
EndProject
Project("{FAE04EC0-301F-11D3-BF4B-00C04F79EFBC}") = "SampleApp.Android", "SampleApp\SampleApp.Android\SampleApp.Android.csproj", "{69E3BB73-5934-4135-9201-4B7AB0BF17E8}"
EndProject
Project("{2150E333-8FDC-42A3-9474-1A3956D46DE8}") = "Test", "Test", "{311EAC67-79BE-484B-AB2D-366B6E415EBA}"
EndProject
Project("{9A19103F-16F7-4668-BE54-9A1E7A4F7556}") = "Cryoprison.Test", "Test\Cryoprison.Test\Cryoprison.Test.csproj", "{71BF7649-A0CA-4F89-9259-E0A74471AD90}"
EndProject
Project("{9A19103F-16F7-4668-BE54-9A1E7A4F7556}") = "Cryoprison.Test.Android", "Test\Cryoprison.Test.Android\Cryoprison.Test.Android.csproj", "{84F99648-0A3A-4AFF-A49C-CE940465A599}"
EndProject
Project("{9A19103F-16F7-4668-BE54-9A1E7A4F7556}") = "Cryoprison.Test.iOS", "Test\Cryoprison.Test.iOS\Cryoprison.Test.iOS.csproj", "{3CF91C09-B501-4C7F-A906-0547996FACFC}"
EndProject
Project("{D954291E-2A0B-460D-934E-DC6B0785DB48}") = "Cryoprison.Test.Shared", "Test\Cryoprison.Test.Shared\Cryoprison.Test.Shared.shproj", "{194E0164-90C1-45E0-8DD0-C9914350DA73}"
EndProject
Project("{2150E333-8FDC-42A3-9474-1A3956D46DE8}") = "Library", "Library", "{724B9759-BB5B-4DFA-A642-6B9FB74B7469}"
EndProject
Project("{D954291E-2A0B-460D-934E-DC6B0785DB48}") = "Cryoprison.Shared", "Library\Cryoprison\Cryoprison.Shared.shproj", "{69611251-210F-47C5-A5E7-7DFCF9C38699}"
EndProject
Project("{FAE04EC0-301F-11D3-BF4B-00C04F79EFBC}") = "Cryoprison.Android", "Library\Cryoprison.Android\Cryoprison.Android.csproj", "{56B4E23B-CAC3-4179-8576-80271C43CA62}"
EndProject
Project("{D954291E-2A0B-460D-934E-DC6B0785DB48}") = "Cryoprison.Android.Testable", "Library\Cryoprison.Android.Testable\Cryoprison.Android.Testable.shproj", "{E97ADE0E-1FE5-423D-B253-1A74CEE93173}"
EndProject
Project("{FAE04EC0-301F-11D3-BF4B-00C04F79EFBC}") = "Cryoprison.iOS", "Library\Cryoprison.iOS\Cryoprison.iOS.csproj", "{EB926FCF-8A1F-4FB3-BE7C-5191AC241934}"
EndProject
Project("{D954291E-2A0B-460D-934E-DC6B0785DB48}") = "Cryoprison.iOS.Testable", "Library\Cryoprison.iOS.Testable\Cryoprison.iOS.Testable.shproj", "{1E6E8942-950F-42E6-B0C6-0FFF333B3C0A}"
EndProject
Project("{FAE04EC0-301F-11D3-BF4B-00C04F79EFBC}") = "SampleApp.iOS", "SampleApp\SampleApp.iOS\SampleApp.iOS.csproj", "{917E831F-AC2C-4504-8B6E-ABB6440AD28E}"
EndProject
Project("{9A19103F-16F7-4668-BE54-9A1E7A4F7556}") = "SampleApp", "SampleApp\SampleApp\SampleApp.csproj", "{AA485A87-DFFA-47DD-A7AC-A64AB7362529}"
EndProject
Project("{2150E333-8FDC-42A3-9474-1A3956D46DE8}") = "Plugin", "Plugin", "{718D13F1-FB58-47DE-A32E-A351E7E7B798}"
EndProject
Project("{9A19103F-16F7-4668-BE54-9A1E7A4F7556}") = "Cryoprison", "Plugin\Cryoprison.csproj", "{563E38D6-AA89-40AC-B356-08F2D7FA6C97}"
EndProject
Project("{2150E333-8FDC-42A3-9474-1A3956D46DE8}") = "NugetTest", "NugetTest", "{0375A673-D23C-41F7-9397-784169C5EB5D}"
EndProject
Project("{9A19103F-16F7-4668-BE54-9A1E7A4F7556}") = "NugetTest", "NugetTest\NugetTest\NugetTest.csproj", "{74641518-E3A3-4B5D-B5D4-E7A3D6D05512}"
EndProject
Project("{FAE04EC0-301F-11D3-BF4B-00C04F79EFBC}") = "NugetTest.Android", "NugetTest\NugetTest.Android\NugetTest.Android.csproj", "{5059559D-87D8-4F45-9BA2-F878936D5AA8}"
EndProject
Project("{FAE04EC0-301F-11D3-BF4B-00C04F79EFBC}") = "NugetTest.iOS", "NugetTest\NugetTest.iOS\NugetTest.iOS.csproj", "{3F15F945-B1E7-4BCA-B6B7-C1F3C03507C5}"
EndProject
Global
	GlobalSection(SharedMSBuildProjectFiles) = preSolution
		Test\Cryoprison.Test.Shared\Cryoprison.Test.Shared.projitems*{194e0164-90c1-45e0-8dd0-c9914350da73}*SharedItemsImports = 13
		Library\Cryoprison.iOS.Testable\Cryoprison.iOS.Testable.projitems*{1e6e8942-950f-42e6-b0c6-0fff333b3c0a}*SharedItemsImports = 13
		Library\Cryoprison.Android.Testable\Cryoprison.Android.Testable.projitems*{56b4e23b-cac3-4179-8576-80271c43ca62}*SharedItemsImports = 4
		Library\Cryoprison\Cryoprison.projitems*{56b4e23b-cac3-4179-8576-80271c43ca62}*SharedItemsImports = 4
		Library\Cryoprison\Cryoprison.projitems*{69611251-210f-47c5-a5e7-7dfcf9c38699}*SharedItemsImports = 13
		Library\Cryoprison.Android.Testable\Cryoprison.Android.Testable.projitems*{e97ade0e-1fe5-423d-b253-1a74cee93173}*SharedItemsImports = 13
		Library\Cryoprison.iOS.Testable\Cryoprison.iOS.Testable.projitems*{eb926fcf-8a1f-4fb3-be7c-5191ac241934}*SharedItemsImports = 4
		Library\Cryoprison\Cryoprison.projitems*{eb926fcf-8a1f-4fb3-be7c-5191ac241934}*SharedItemsImports = 4
	EndGlobalSection
	GlobalSection(SolutionConfigurationPlatforms) = preSolution
		Ad-Hoc|Any CPU = Ad-Hoc|Any CPU
		Ad-Hoc|iPhone = Ad-Hoc|iPhone
		Ad-Hoc|iPhoneSimulator = Ad-Hoc|iPhoneSimulator
		AppStore|Any CPU = AppStore|Any CPU
		AppStore|iPhone = AppStore|iPhone
		AppStore|iPhoneSimulator = AppStore|iPhoneSimulator
		Debug|Any CPU = Debug|Any CPU
		Debug|iPhone = Debug|iPhone
		Debug|iPhoneSimulator = Debug|iPhoneSimulator
		Release|Any CPU = Release|Any CPU
		Release|iPhone = Release|iPhone
		Release|iPhoneSimulator = Release|iPhoneSimulator
	EndGlobalSection
	GlobalSection(ProjectConfigurationPlatforms) = postSolution
		{69E3BB73-5934-4135-9201-4B7AB0BF17E8}.Ad-Hoc|Any CPU.ActiveCfg = Debug|Any CPU
		{69E3BB73-5934-4135-9201-4B7AB0BF17E8}.Ad-Hoc|Any CPU.Build.0 = Debug|Any CPU
		{69E3BB73-5934-4135-9201-4B7AB0BF17E8}.Ad-Hoc|Any CPU.Deploy.0 = Debug|Any CPU
		{69E3BB73-5934-4135-9201-4B7AB0BF17E8}.Ad-Hoc|iPhone.ActiveCfg = Release|Any CPU
		{69E3BB73-5934-4135-9201-4B7AB0BF17E8}.Ad-Hoc|iPhone.Build.0 = Release|Any CPU
		{69E3BB73-5934-4135-9201-4B7AB0BF17E8}.Ad-Hoc|iPhoneSimulator.ActiveCfg = Debug|Any CPU
		{69E3BB73-5934-4135-9201-4B7AB0BF17E8}.Ad-Hoc|iPhoneSimulator.Build.0 = Debug|Any CPU
		{69E3BB73-5934-4135-9201-4B7AB0BF17E8}.Ad-Hoc|iPhoneSimulator.Deploy.0 = Debug|Any CPU
		{69E3BB73-5934-4135-9201-4B7AB0BF17E8}.AppStore|Any CPU.ActiveCfg = Debug|Any CPU
		{69E3BB73-5934-4135-9201-4B7AB0BF17E8}.AppStore|Any CPU.Build.0 = Debug|Any CPU
		{69E3BB73-5934-4135-9201-4B7AB0BF17E8}.AppStore|Any CPU.Deploy.0 = Debug|Any CPU
		{69E3BB73-5934-4135-9201-4B7AB0BF17E8}.AppStore|iPhone.ActiveCfg = Release|Any CPU
		{69E3BB73-5934-4135-9201-4B7AB0BF17E8}.AppStore|iPhone.Build.0 = Release|Any CPU
		{69E3BB73-5934-4135-9201-4B7AB0BF17E8}.AppStore|iPhoneSimulator.ActiveCfg = Debug|Any CPU
		{69E3BB73-5934-4135-9201-4B7AB0BF17E8}.AppStore|iPhoneSimulator.Build.0 = Debug|Any CPU
		{69E3BB73-5934-4135-9201-4B7AB0BF17E8}.AppStore|iPhoneSimulator.Deploy.0 = Debug|Any CPU
		{69E3BB73-5934-4135-9201-4B7AB0BF17E8}.Debug|Any CPU.ActiveCfg = Debug|Any CPU
		{69E3BB73-5934-4135-9201-4B7AB0BF17E8}.Debug|Any CPU.Build.0 = Debug|Any CPU
		{69E3BB73-5934-4135-9201-4B7AB0BF17E8}.Debug|Any CPU.Deploy.0 = Debug|Any CPU
		{69E3BB73-5934-4135-9201-4B7AB0BF17E8}.Debug|iPhone.ActiveCfg = Debug|Any CPU
		{69E3BB73-5934-4135-9201-4B7AB0BF17E8}.Debug|iPhone.Build.0 = Debug|Any CPU
		{69E3BB73-5934-4135-9201-4B7AB0BF17E8}.Debug|iPhoneSimulator.ActiveCfg = Debug|Any CPU
		{69E3BB73-5934-4135-9201-4B7AB0BF17E8}.Debug|iPhoneSimulator.Build.0 = Debug|Any CPU
		{69E3BB73-5934-4135-9201-4B7AB0BF17E8}.Release|Any CPU.ActiveCfg = Release|Any CPU
		{69E3BB73-5934-4135-9201-4B7AB0BF17E8}.Release|Any CPU.Build.0 = Release|Any CPU
		{69E3BB73-5934-4135-9201-4B7AB0BF17E8}.Release|iPhone.ActiveCfg = Release|Any CPU
		{69E3BB73-5934-4135-9201-4B7AB0BF17E8}.Release|iPhone.Build.0 = Release|Any CPU
		{69E3BB73-5934-4135-9201-4B7AB0BF17E8}.Release|iPhoneSimulator.ActiveCfg = Release|Any CPU
		{69E3BB73-5934-4135-9201-4B7AB0BF17E8}.Release|iPhoneSimulator.Build.0 = Release|Any CPU
		{71BF7649-A0CA-4F89-9259-E0A74471AD90}.Ad-Hoc|Any CPU.ActiveCfg = Debug|Any CPU
		{71BF7649-A0CA-4F89-9259-E0A74471AD90}.Ad-Hoc|Any CPU.Build.0 = Debug|Any CPU
		{71BF7649-A0CA-4F89-9259-E0A74471AD90}.Ad-Hoc|iPhone.ActiveCfg = Release|Any CPU
		{71BF7649-A0CA-4F89-9259-E0A74471AD90}.Ad-Hoc|iPhone.Build.0 = Release|Any CPU
		{71BF7649-A0CA-4F89-9259-E0A74471AD90}.Ad-Hoc|iPhoneSimulator.ActiveCfg = Debug|Any CPU
		{71BF7649-A0CA-4F89-9259-E0A74471AD90}.Ad-Hoc|iPhoneSimulator.Build.0 = Debug|Any CPU
		{71BF7649-A0CA-4F89-9259-E0A74471AD90}.AppStore|Any CPU.ActiveCfg = Debug|Any CPU
		{71BF7649-A0CA-4F89-9259-E0A74471AD90}.AppStore|Any CPU.Build.0 = Debug|Any CPU
		{71BF7649-A0CA-4F89-9259-E0A74471AD90}.AppStore|iPhone.ActiveCfg = Release|Any CPU
		{71BF7649-A0CA-4F89-9259-E0A74471AD90}.AppStore|iPhone.Build.0 = Release|Any CPU
		{71BF7649-A0CA-4F89-9259-E0A74471AD90}.AppStore|iPhoneSimulator.ActiveCfg = Debug|Any CPU
		{71BF7649-A0CA-4F89-9259-E0A74471AD90}.AppStore|iPhoneSimulator.Build.0 = Debug|Any CPU
		{71BF7649-A0CA-4F89-9259-E0A74471AD90}.Debug|Any CPU.ActiveCfg = Debug|Any CPU
		{71BF7649-A0CA-4F89-9259-E0A74471AD90}.Debug|Any CPU.Build.0 = Debug|Any CPU
		{71BF7649-A0CA-4F89-9259-E0A74471AD90}.Debug|iPhone.ActiveCfg = Debug|Any CPU
		{71BF7649-A0CA-4F89-9259-E0A74471AD90}.Debug|iPhone.Build.0 = Debug|Any CPU
		{71BF7649-A0CA-4F89-9259-E0A74471AD90}.Debug|iPhoneSimulator.ActiveCfg = Debug|Any CPU
		{71BF7649-A0CA-4F89-9259-E0A74471AD90}.Debug|iPhoneSimulator.Build.0 = Debug|Any CPU
		{71BF7649-A0CA-4F89-9259-E0A74471AD90}.Release|Any CPU.ActiveCfg = Release|Any CPU
		{71BF7649-A0CA-4F89-9259-E0A74471AD90}.Release|Any CPU.Build.0 = Release|Any CPU
		{71BF7649-A0CA-4F89-9259-E0A74471AD90}.Release|iPhone.ActiveCfg = Release|Any CPU
		{71BF7649-A0CA-4F89-9259-E0A74471AD90}.Release|iPhone.Build.0 = Release|Any CPU
		{71BF7649-A0CA-4F89-9259-E0A74471AD90}.Release|iPhoneSimulator.ActiveCfg = Release|Any CPU
		{71BF7649-A0CA-4F89-9259-E0A74471AD90}.Release|iPhoneSimulator.Build.0 = Release|Any CPU
		{84F99648-0A3A-4AFF-A49C-CE940465A599}.Ad-Hoc|Any CPU.ActiveCfg = Debug|Any CPU
		{84F99648-0A3A-4AFF-A49C-CE940465A599}.Ad-Hoc|Any CPU.Build.0 = Debug|Any CPU
		{84F99648-0A3A-4AFF-A49C-CE940465A599}.Ad-Hoc|iPhone.ActiveCfg = Release|Any CPU
		{84F99648-0A3A-4AFF-A49C-CE940465A599}.Ad-Hoc|iPhone.Build.0 = Release|Any CPU
		{84F99648-0A3A-4AFF-A49C-CE940465A599}.Ad-Hoc|iPhoneSimulator.ActiveCfg = Debug|Any CPU
		{84F99648-0A3A-4AFF-A49C-CE940465A599}.Ad-Hoc|iPhoneSimulator.Build.0 = Debug|Any CPU
		{84F99648-0A3A-4AFF-A49C-CE940465A599}.AppStore|Any CPU.ActiveCfg = Debug|Any CPU
		{84F99648-0A3A-4AFF-A49C-CE940465A599}.AppStore|Any CPU.Build.0 = Debug|Any CPU
		{84F99648-0A3A-4AFF-A49C-CE940465A599}.AppStore|iPhone.ActiveCfg = Release|Any CPU
		{84F99648-0A3A-4AFF-A49C-CE940465A599}.AppStore|iPhone.Build.0 = Release|Any CPU
		{84F99648-0A3A-4AFF-A49C-CE940465A599}.AppStore|iPhoneSimulator.ActiveCfg = Debug|Any CPU
		{84F99648-0A3A-4AFF-A49C-CE940465A599}.AppStore|iPhoneSimulator.Build.0 = Debug|Any CPU
		{84F99648-0A3A-4AFF-A49C-CE940465A599}.Debug|Any CPU.ActiveCfg = Debug|Any CPU
		{84F99648-0A3A-4AFF-A49C-CE940465A599}.Debug|Any CPU.Build.0 = Debug|Any CPU
		{84F99648-0A3A-4AFF-A49C-CE940465A599}.Debug|iPhone.ActiveCfg = Debug|Any CPU
		{84F99648-0A3A-4AFF-A49C-CE940465A599}.Debug|iPhone.Build.0 = Debug|Any CPU
		{84F99648-0A3A-4AFF-A49C-CE940465A599}.Debug|iPhoneSimulator.ActiveCfg = Debug|Any CPU
		{84F99648-0A3A-4AFF-A49C-CE940465A599}.Debug|iPhoneSimulator.Build.0 = Debug|Any CPU
		{84F99648-0A3A-4AFF-A49C-CE940465A599}.Release|Any CPU.ActiveCfg = Release|Any CPU
		{84F99648-0A3A-4AFF-A49C-CE940465A599}.Release|Any CPU.Build.0 = Release|Any CPU
		{84F99648-0A3A-4AFF-A49C-CE940465A599}.Release|iPhone.ActiveCfg = Release|Any CPU
		{84F99648-0A3A-4AFF-A49C-CE940465A599}.Release|iPhone.Build.0 = Release|Any CPU
		{84F99648-0A3A-4AFF-A49C-CE940465A599}.Release|iPhoneSimulator.ActiveCfg = Release|Any CPU
		{84F99648-0A3A-4AFF-A49C-CE940465A599}.Release|iPhoneSimulator.Build.0 = Release|Any CPU
		{3CF91C09-B501-4C7F-A906-0547996FACFC}.Ad-Hoc|Any CPU.ActiveCfg = Debug|Any CPU
		{3CF91C09-B501-4C7F-A906-0547996FACFC}.Ad-Hoc|Any CPU.Build.0 = Debug|Any CPU
		{3CF91C09-B501-4C7F-A906-0547996FACFC}.Ad-Hoc|iPhone.ActiveCfg = Release|Any CPU
		{3CF91C09-B501-4C7F-A906-0547996FACFC}.Ad-Hoc|iPhone.Build.0 = Release|Any CPU
		{3CF91C09-B501-4C7F-A906-0547996FACFC}.Ad-Hoc|iPhoneSimulator.ActiveCfg = Debug|Any CPU
		{3CF91C09-B501-4C7F-A906-0547996FACFC}.Ad-Hoc|iPhoneSimulator.Build.0 = Debug|Any CPU
		{3CF91C09-B501-4C7F-A906-0547996FACFC}.AppStore|Any CPU.ActiveCfg = Debug|Any CPU
		{3CF91C09-B501-4C7F-A906-0547996FACFC}.AppStore|Any CPU.Build.0 = Debug|Any CPU
		{3CF91C09-B501-4C7F-A906-0547996FACFC}.AppStore|iPhone.ActiveCfg = Release|Any CPU
		{3CF91C09-B501-4C7F-A906-0547996FACFC}.AppStore|iPhone.Build.0 = Release|Any CPU
		{3CF91C09-B501-4C7F-A906-0547996FACFC}.AppStore|iPhoneSimulator.ActiveCfg = Debug|Any CPU
		{3CF91C09-B501-4C7F-A906-0547996FACFC}.AppStore|iPhoneSimulator.Build.0 = Debug|Any CPU
		{3CF91C09-B501-4C7F-A906-0547996FACFC}.Debug|Any CPU.ActiveCfg = Debug|Any CPU
		{3CF91C09-B501-4C7F-A906-0547996FACFC}.Debug|Any CPU.Build.0 = Debug|Any CPU
		{3CF91C09-B501-4C7F-A906-0547996FACFC}.Debug|iPhone.ActiveCfg = Debug|Any CPU
		{3CF91C09-B501-4C7F-A906-0547996FACFC}.Debug|iPhone.Build.0 = Debug|Any CPU
		{3CF91C09-B501-4C7F-A906-0547996FACFC}.Debug|iPhoneSimulator.ActiveCfg = Debug|Any CPU
		{3CF91C09-B501-4C7F-A906-0547996FACFC}.Debug|iPhoneSimulator.Build.0 = Debug|Any CPU
		{3CF91C09-B501-4C7F-A906-0547996FACFC}.Release|Any CPU.ActiveCfg = Release|Any CPU
		{3CF91C09-B501-4C7F-A906-0547996FACFC}.Release|Any CPU.Build.0 = Release|Any CPU
		{3CF91C09-B501-4C7F-A906-0547996FACFC}.Release|iPhone.ActiveCfg = Release|Any CPU
		{3CF91C09-B501-4C7F-A906-0547996FACFC}.Release|iPhone.Build.0 = Release|Any CPU
		{3CF91C09-B501-4C7F-A906-0547996FACFC}.Release|iPhoneSimulator.ActiveCfg = Release|Any CPU
		{3CF91C09-B501-4C7F-A906-0547996FACFC}.Release|iPhoneSimulator.Build.0 = Release|Any CPU
		{56B4E23B-CAC3-4179-8576-80271C43CA62}.Ad-Hoc|Any CPU.ActiveCfg = Release|Any CPU
		{56B4E23B-CAC3-4179-8576-80271C43CA62}.Ad-Hoc|Any CPU.Build.0 = Release|Any CPU
		{56B4E23B-CAC3-4179-8576-80271C43CA62}.Ad-Hoc|iPhone.ActiveCfg = Release|Any CPU
		{56B4E23B-CAC3-4179-8576-80271C43CA62}.Ad-Hoc|iPhone.Build.0 = Release|Any CPU
		{56B4E23B-CAC3-4179-8576-80271C43CA62}.Ad-Hoc|iPhoneSimulator.ActiveCfg = Release|Any CPU
		{56B4E23B-CAC3-4179-8576-80271C43CA62}.Ad-Hoc|iPhoneSimulator.Build.0 = Release|Any CPU
		{56B4E23B-CAC3-4179-8576-80271C43CA62}.AppStore|Any CPU.ActiveCfg = Release|Any CPU
		{56B4E23B-CAC3-4179-8576-80271C43CA62}.AppStore|Any CPU.Build.0 = Release|Any CPU
		{56B4E23B-CAC3-4179-8576-80271C43CA62}.AppStore|iPhone.ActiveCfg = Release|Any CPU
		{56B4E23B-CAC3-4179-8576-80271C43CA62}.AppStore|iPhone.Build.0 = Release|Any CPU
		{56B4E23B-CAC3-4179-8576-80271C43CA62}.AppStore|iPhoneSimulator.ActiveCfg = Release|Any CPU
		{56B4E23B-CAC3-4179-8576-80271C43CA62}.AppStore|iPhoneSimulator.Build.0 = Release|Any CPU
		{56B4E23B-CAC3-4179-8576-80271C43CA62}.Debug|Any CPU.ActiveCfg = Debug|Any CPU
		{56B4E23B-CAC3-4179-8576-80271C43CA62}.Debug|Any CPU.Build.0 = Debug|Any CPU
		{56B4E23B-CAC3-4179-8576-80271C43CA62}.Debug|iPhone.ActiveCfg = Debug|Any CPU
		{56B4E23B-CAC3-4179-8576-80271C43CA62}.Debug|iPhone.Build.0 = Debug|Any CPU
		{56B4E23B-CAC3-4179-8576-80271C43CA62}.Debug|iPhoneSimulator.ActiveCfg = Debug|Any CPU
		{56B4E23B-CAC3-4179-8576-80271C43CA62}.Debug|iPhoneSimulator.Build.0 = Debug|Any CPU
		{56B4E23B-CAC3-4179-8576-80271C43CA62}.Release|Any CPU.ActiveCfg = Release|Any CPU
		{56B4E23B-CAC3-4179-8576-80271C43CA62}.Release|Any CPU.Build.0 = Release|Any CPU
		{56B4E23B-CAC3-4179-8576-80271C43CA62}.Release|iPhone.ActiveCfg = Release|Any CPU
		{56B4E23B-CAC3-4179-8576-80271C43CA62}.Release|iPhone.Build.0 = Release|Any CPU
		{56B4E23B-CAC3-4179-8576-80271C43CA62}.Release|iPhoneSimulator.ActiveCfg = Release|Any CPU
		{56B4E23B-CAC3-4179-8576-80271C43CA62}.Release|iPhoneSimulator.Build.0 = Release|Any CPU
		{EB926FCF-8A1F-4FB3-BE7C-5191AC241934}.Ad-Hoc|Any CPU.ActiveCfg = Release|Any CPU
		{EB926FCF-8A1F-4FB3-BE7C-5191AC241934}.Ad-Hoc|Any CPU.Build.0 = Release|Any CPU
		{EB926FCF-8A1F-4FB3-BE7C-5191AC241934}.Ad-Hoc|iPhone.ActiveCfg = Release|Any CPU
		{EB926FCF-8A1F-4FB3-BE7C-5191AC241934}.Ad-Hoc|iPhone.Build.0 = Release|Any CPU
		{EB926FCF-8A1F-4FB3-BE7C-5191AC241934}.Ad-Hoc|iPhoneSimulator.ActiveCfg = Release|Any CPU
		{EB926FCF-8A1F-4FB3-BE7C-5191AC241934}.Ad-Hoc|iPhoneSimulator.Build.0 = Release|Any CPU
		{EB926FCF-8A1F-4FB3-BE7C-5191AC241934}.AppStore|Any CPU.ActiveCfg = Release|Any CPU
		{EB926FCF-8A1F-4FB3-BE7C-5191AC241934}.AppStore|Any CPU.Build.0 = Release|Any CPU
		{EB926FCF-8A1F-4FB3-BE7C-5191AC241934}.AppStore|iPhone.ActiveCfg = Release|Any CPU
		{EB926FCF-8A1F-4FB3-BE7C-5191AC241934}.AppStore|iPhone.Build.0 = Release|Any CPU
		{EB926FCF-8A1F-4FB3-BE7C-5191AC241934}.AppStore|iPhoneSimulator.ActiveCfg = Release|Any CPU
		{EB926FCF-8A1F-4FB3-BE7C-5191AC241934}.AppStore|iPhoneSimulator.Build.0 = Release|Any CPU
		{EB926FCF-8A1F-4FB3-BE7C-5191AC241934}.Debug|Any CPU.ActiveCfg = Debug|Any CPU
		{EB926FCF-8A1F-4FB3-BE7C-5191AC241934}.Debug|Any CPU.Build.0 = Debug|Any CPU
		{EB926FCF-8A1F-4FB3-BE7C-5191AC241934}.Debug|iPhone.ActiveCfg = Debug|Any CPU
		{EB926FCF-8A1F-4FB3-BE7C-5191AC241934}.Debug|iPhone.Build.0 = Debug|Any CPU
		{EB926FCF-8A1F-4FB3-BE7C-5191AC241934}.Debug|iPhoneSimulator.ActiveCfg = Debug|Any CPU
		{EB926FCF-8A1F-4FB3-BE7C-5191AC241934}.Debug|iPhoneSimulator.Build.0 = Debug|Any CPU
		{EB926FCF-8A1F-4FB3-BE7C-5191AC241934}.Release|Any CPU.ActiveCfg = Release|Any CPU
		{EB926FCF-8A1F-4FB3-BE7C-5191AC241934}.Release|Any CPU.Build.0 = Release|Any CPU
		{EB926FCF-8A1F-4FB3-BE7C-5191AC241934}.Release|iPhone.ActiveCfg = Release|Any CPU
		{EB926FCF-8A1F-4FB3-BE7C-5191AC241934}.Release|iPhone.Build.0 = Release|Any CPU
		{EB926FCF-8A1F-4FB3-BE7C-5191AC241934}.Release|iPhoneSimulator.ActiveCfg = Release|Any CPU
		{EB926FCF-8A1F-4FB3-BE7C-5191AC241934}.Release|iPhoneSimulator.Build.0 = Release|Any CPU
		{917E831F-AC2C-4504-8B6E-ABB6440AD28E}.Ad-Hoc|Any CPU.ActiveCfg = Ad-Hoc|iPhone
		{917E831F-AC2C-4504-8B6E-ABB6440AD28E}.Ad-Hoc|Any CPU.Build.0 = Ad-Hoc|iPhone
		{917E831F-AC2C-4504-8B6E-ABB6440AD28E}.Ad-Hoc|iPhone.ActiveCfg = Ad-Hoc|iPhone
		{917E831F-AC2C-4504-8B6E-ABB6440AD28E}.Ad-Hoc|iPhone.Build.0 = Ad-Hoc|iPhone
		{917E831F-AC2C-4504-8B6E-ABB6440AD28E}.Ad-Hoc|iPhoneSimulator.ActiveCfg = Debug|iPhoneSimulator
		{917E831F-AC2C-4504-8B6E-ABB6440AD28E}.Ad-Hoc|iPhoneSimulator.Build.0 = Debug|iPhoneSimulator
		{917E831F-AC2C-4504-8B6E-ABB6440AD28E}.AppStore|Any CPU.ActiveCfg = AppStore|iPhone
		{917E831F-AC2C-4504-8B6E-ABB6440AD28E}.AppStore|Any CPU.Build.0 = AppStore|iPhone
		{917E831F-AC2C-4504-8B6E-ABB6440AD28E}.AppStore|iPhone.ActiveCfg = AppStore|iPhone
		{917E831F-AC2C-4504-8B6E-ABB6440AD28E}.AppStore|iPhone.Build.0 = AppStore|iPhone
		{917E831F-AC2C-4504-8B6E-ABB6440AD28E}.AppStore|iPhoneSimulator.ActiveCfg = Debug|iPhoneSimulator
		{917E831F-AC2C-4504-8B6E-ABB6440AD28E}.AppStore|iPhoneSimulator.Build.0 = Debug|iPhoneSimulator
		{917E831F-AC2C-4504-8B6E-ABB6440AD28E}.Debug|Any CPU.ActiveCfg = Debug|iPhoneSimulator
		{917E831F-AC2C-4504-8B6E-ABB6440AD28E}.Debug|Any CPU.Build.0 = Debug|iPhoneSimulator
		{917E831F-AC2C-4504-8B6E-ABB6440AD28E}.Debug|iPhone.ActiveCfg = Debug|iPhone
		{917E831F-AC2C-4504-8B6E-ABB6440AD28E}.Debug|iPhone.Build.0 = Debug|iPhone
		{917E831F-AC2C-4504-8B6E-ABB6440AD28E}.Debug|iPhoneSimulator.ActiveCfg = Debug|iPhoneSimulator
		{917E831F-AC2C-4504-8B6E-ABB6440AD28E}.Debug|iPhoneSimulator.Build.0 = Debug|iPhoneSimulator
		{917E831F-AC2C-4504-8B6E-ABB6440AD28E}.Release|Any CPU.ActiveCfg = Release|iPhoneSimulator
		{917E831F-AC2C-4504-8B6E-ABB6440AD28E}.Release|Any CPU.Build.0 = Release|iPhoneSimulator
		{917E831F-AC2C-4504-8B6E-ABB6440AD28E}.Release|iPhone.ActiveCfg = Release|iPhone
		{917E831F-AC2C-4504-8B6E-ABB6440AD28E}.Release|iPhone.Build.0 = Release|iPhone
		{917E831F-AC2C-4504-8B6E-ABB6440AD28E}.Release|iPhoneSimulator.ActiveCfg = Release|iPhoneSimulator
		{917E831F-AC2C-4504-8B6E-ABB6440AD28E}.Release|iPhoneSimulator.Build.0 = Release|iPhoneSimulator
		{AA485A87-DFFA-47DD-A7AC-A64AB7362529}.Ad-Hoc|Any CPU.ActiveCfg = Debug|Any CPU
		{AA485A87-DFFA-47DD-A7AC-A64AB7362529}.Ad-Hoc|Any CPU.Build.0 = Debug|Any CPU
		{AA485A87-DFFA-47DD-A7AC-A64AB7362529}.Ad-Hoc|iPhone.ActiveCfg = Release|Any CPU
		{AA485A87-DFFA-47DD-A7AC-A64AB7362529}.Ad-Hoc|iPhone.Build.0 = Release|Any CPU
		{AA485A87-DFFA-47DD-A7AC-A64AB7362529}.Ad-Hoc|iPhoneSimulator.ActiveCfg = Debug|Any CPU
		{AA485A87-DFFA-47DD-A7AC-A64AB7362529}.Ad-Hoc|iPhoneSimulator.Build.0 = Debug|Any CPU
		{AA485A87-DFFA-47DD-A7AC-A64AB7362529}.AppStore|Any CPU.ActiveCfg = Debug|Any CPU
		{AA485A87-DFFA-47DD-A7AC-A64AB7362529}.AppStore|Any CPU.Build.0 = Debug|Any CPU
		{AA485A87-DFFA-47DD-A7AC-A64AB7362529}.AppStore|iPhone.ActiveCfg = Release|Any CPU
		{AA485A87-DFFA-47DD-A7AC-A64AB7362529}.AppStore|iPhone.Build.0 = Release|Any CPU
		{AA485A87-DFFA-47DD-A7AC-A64AB7362529}.AppStore|iPhoneSimulator.ActiveCfg = Debug|Any CPU
		{AA485A87-DFFA-47DD-A7AC-A64AB7362529}.AppStore|iPhoneSimulator.Build.0 = Debug|Any CPU
		{AA485A87-DFFA-47DD-A7AC-A64AB7362529}.Debug|Any CPU.ActiveCfg = Debug|Any CPU
		{AA485A87-DFFA-47DD-A7AC-A64AB7362529}.Debug|Any CPU.Build.0 = Debug|Any CPU
		{AA485A87-DFFA-47DD-A7AC-A64AB7362529}.Debug|iPhone.ActiveCfg = Debug|Any CPU
		{AA485A87-DFFA-47DD-A7AC-A64AB7362529}.Debug|iPhone.Build.0 = Debug|Any CPU
		{AA485A87-DFFA-47DD-A7AC-A64AB7362529}.Debug|iPhoneSimulator.ActiveCfg = Debug|Any CPU
		{AA485A87-DFFA-47DD-A7AC-A64AB7362529}.Debug|iPhoneSimulator.Build.0 = Debug|Any CPU
		{AA485A87-DFFA-47DD-A7AC-A64AB7362529}.Release|Any CPU.ActiveCfg = Release|Any CPU
		{AA485A87-DFFA-47DD-A7AC-A64AB7362529}.Release|Any CPU.Build.0 = Release|Any CPU
		{AA485A87-DFFA-47DD-A7AC-A64AB7362529}.Release|iPhone.ActiveCfg = Release|Any CPU
		{AA485A87-DFFA-47DD-A7AC-A64AB7362529}.Release|iPhone.Build.0 = Release|Any CPU
		{AA485A87-DFFA-47DD-A7AC-A64AB7362529}.Release|iPhoneSimulator.ActiveCfg = Release|Any CPU
		{AA485A87-DFFA-47DD-A7AC-A64AB7362529}.Release|iPhoneSimulator.Build.0 = Release|Any CPU
		{563E38D6-AA89-40AC-B356-08F2D7FA6C97}.Ad-Hoc|Any CPU.ActiveCfg = Debug|Any CPU
		{563E38D6-AA89-40AC-B356-08F2D7FA6C97}.Ad-Hoc|Any CPU.Build.0 = Debug|Any CPU
		{563E38D6-AA89-40AC-B356-08F2D7FA6C97}.Ad-Hoc|iPhone.ActiveCfg = Debug|Any CPU
		{563E38D6-AA89-40AC-B356-08F2D7FA6C97}.Ad-Hoc|iPhone.Build.0 = Debug|Any CPU
		{563E38D6-AA89-40AC-B356-08F2D7FA6C97}.Ad-Hoc|iPhoneSimulator.ActiveCfg = Debug|Any CPU
		{563E38D6-AA89-40AC-B356-08F2D7FA6C97}.Ad-Hoc|iPhoneSimulator.Build.0 = Debug|Any CPU
		{563E38D6-AA89-40AC-B356-08F2D7FA6C97}.AppStore|Any CPU.ActiveCfg = Debug|Any CPU
		{563E38D6-AA89-40AC-B356-08F2D7FA6C97}.AppStore|Any CPU.Build.0 = Debug|Any CPU
		{563E38D6-AA89-40AC-B356-08F2D7FA6C97}.AppStore|iPhone.ActiveCfg = Debug|Any CPU
		{563E38D6-AA89-40AC-B356-08F2D7FA6C97}.AppStore|iPhone.Build.0 = Debug|Any CPU
		{563E38D6-AA89-40AC-B356-08F2D7FA6C97}.AppStore|iPhoneSimulator.ActiveCfg = Debug|Any CPU
		{563E38D6-AA89-40AC-B356-08F2D7FA6C97}.AppStore|iPhoneSimulator.Build.0 = Debug|Any CPU
		{563E38D6-AA89-40AC-B356-08F2D7FA6C97}.Debug|Any CPU.ActiveCfg = Debug|Any CPU
		{563E38D6-AA89-40AC-B356-08F2D7FA6C97}.Debug|Any CPU.Build.0 = Debug|Any CPU
		{563E38D6-AA89-40AC-B356-08F2D7FA6C97}.Debug|iPhone.ActiveCfg = Debug|Any CPU
		{563E38D6-AA89-40AC-B356-08F2D7FA6C97}.Debug|iPhone.Build.0 = Debug|Any CPU
		{563E38D6-AA89-40AC-B356-08F2D7FA6C97}.Debug|iPhoneSimulator.ActiveCfg = Debug|Any CPU
		{563E38D6-AA89-40AC-B356-08F2D7FA6C97}.Debug|iPhoneSimulator.Build.0 = Debug|Any CPU
		{563E38D6-AA89-40AC-B356-08F2D7FA6C97}.Release|Any CPU.ActiveCfg = Release|Any CPU
		{563E38D6-AA89-40AC-B356-08F2D7FA6C97}.Release|Any CPU.Build.0 = Release|Any CPU
		{563E38D6-AA89-40AC-B356-08F2D7FA6C97}.Release|iPhone.ActiveCfg = Release|Any CPU
		{563E38D6-AA89-40AC-B356-08F2D7FA6C97}.Release|iPhone.Build.0 = Release|Any CPU
		{563E38D6-AA89-40AC-B356-08F2D7FA6C97}.Release|iPhoneSimulator.ActiveCfg = Release|Any CPU
		{563E38D6-AA89-40AC-B356-08F2D7FA6C97}.Release|iPhoneSimulator.Build.0 = Release|Any CPU
		{74641518-E3A3-4B5D-B5D4-E7A3D6D05512}.Ad-Hoc|Any CPU.ActiveCfg = Debug|Any CPU
		{74641518-E3A3-4B5D-B5D4-E7A3D6D05512}.Ad-Hoc|Any CPU.Build.0 = Debug|Any CPU
		{74641518-E3A3-4B5D-B5D4-E7A3D6D05512}.Ad-Hoc|iPhone.ActiveCfg = Debug|Any CPU
		{74641518-E3A3-4B5D-B5D4-E7A3D6D05512}.Ad-Hoc|iPhone.Build.0 = Debug|Any CPU
		{74641518-E3A3-4B5D-B5D4-E7A3D6D05512}.Ad-Hoc|iPhoneSimulator.ActiveCfg = Debug|Any CPU
		{74641518-E3A3-4B5D-B5D4-E7A3D6D05512}.Ad-Hoc|iPhoneSimulator.Build.0 = Debug|Any CPU
		{74641518-E3A3-4B5D-B5D4-E7A3D6D05512}.AppStore|Any CPU.ActiveCfg = Debug|Any CPU
		{74641518-E3A3-4B5D-B5D4-E7A3D6D05512}.AppStore|Any CPU.Build.0 = Debug|Any CPU
		{74641518-E3A3-4B5D-B5D4-E7A3D6D05512}.AppStore|iPhone.ActiveCfg = Debug|Any CPU
		{74641518-E3A3-4B5D-B5D4-E7A3D6D05512}.AppStore|iPhone.Build.0 = Debug|Any CPU
		{74641518-E3A3-4B5D-B5D4-E7A3D6D05512}.AppStore|iPhoneSimulator.ActiveCfg = Debug|Any CPU
		{74641518-E3A3-4B5D-B5D4-E7A3D6D05512}.AppStore|iPhoneSimulator.Build.0 = Debug|Any CPU
		{74641518-E3A3-4B5D-B5D4-E7A3D6D05512}.Debug|Any CPU.ActiveCfg = Debug|Any CPU
		{74641518-E3A3-4B5D-B5D4-E7A3D6D05512}.Debug|Any CPU.Build.0 = Debug|Any CPU
		{74641518-E3A3-4B5D-B5D4-E7A3D6D05512}.Debug|iPhone.ActiveCfg = Debug|Any CPU
		{74641518-E3A3-4B5D-B5D4-E7A3D6D05512}.Debug|iPhone.Build.0 = Debug|Any CPU
		{74641518-E3A3-4B5D-B5D4-E7A3D6D05512}.Debug|iPhoneSimulator.ActiveCfg = Debug|Any CPU
		{74641518-E3A3-4B5D-B5D4-E7A3D6D05512}.Debug|iPhoneSimulator.Build.0 = Debug|Any CPU
		{74641518-E3A3-4B5D-B5D4-E7A3D6D05512}.Release|Any CPU.ActiveCfg = Release|Any CPU
		{74641518-E3A3-4B5D-B5D4-E7A3D6D05512}.Release|Any CPU.Build.0 = Release|Any CPU
		{74641518-E3A3-4B5D-B5D4-E7A3D6D05512}.Release|iPhone.ActiveCfg = Release|Any CPU
		{74641518-E3A3-4B5D-B5D4-E7A3D6D05512}.Release|iPhone.Build.0 = Release|Any CPU
		{74641518-E3A3-4B5D-B5D4-E7A3D6D05512}.Release|iPhoneSimulator.ActiveCfg = Release|Any CPU
		{74641518-E3A3-4B5D-B5D4-E7A3D6D05512}.Release|iPhoneSimulator.Build.0 = Release|Any CPU
		{5059559D-87D8-4F45-9BA2-F878936D5AA8}.Ad-Hoc|Any CPU.ActiveCfg = Release|Any CPU
		{5059559D-87D8-4F45-9BA2-F878936D5AA8}.Ad-Hoc|Any CPU.Build.0 = Release|Any CPU
		{5059559D-87D8-4F45-9BA2-F878936D5AA8}.Ad-Hoc|Any CPU.Deploy.0 = Release|Any CPU
		{5059559D-87D8-4F45-9BA2-F878936D5AA8}.Ad-Hoc|iPhone.ActiveCfg = Release|Any CPU
		{5059559D-87D8-4F45-9BA2-F878936D5AA8}.Ad-Hoc|iPhone.Build.0 = Release|Any CPU
		{5059559D-87D8-4F45-9BA2-F878936D5AA8}.Ad-Hoc|iPhone.Deploy.0 = Release|Any CPU
		{5059559D-87D8-4F45-9BA2-F878936D5AA8}.Ad-Hoc|iPhoneSimulator.ActiveCfg = Release|Any CPU
		{5059559D-87D8-4F45-9BA2-F878936D5AA8}.Ad-Hoc|iPhoneSimulator.Build.0 = Release|Any CPU
		{5059559D-87D8-4F45-9BA2-F878936D5AA8}.Ad-Hoc|iPhoneSimulator.Deploy.0 = Release|Any CPU
		{5059559D-87D8-4F45-9BA2-F878936D5AA8}.AppStore|Any CPU.ActiveCfg = Release|Any CPU
		{5059559D-87D8-4F45-9BA2-F878936D5AA8}.AppStore|Any CPU.Build.0 = Release|Any CPU
		{5059559D-87D8-4F45-9BA2-F878936D5AA8}.AppStore|Any CPU.Deploy.0 = Release|Any CPU
		{5059559D-87D8-4F45-9BA2-F878936D5AA8}.AppStore|iPhone.ActiveCfg = Release|Any CPU
		{5059559D-87D8-4F45-9BA2-F878936D5AA8}.AppStore|iPhone.Build.0 = Release|Any CPU
		{5059559D-87D8-4F45-9BA2-F878936D5AA8}.AppStore|iPhone.Deploy.0 = Release|Any CPU
		{5059559D-87D8-4F45-9BA2-F878936D5AA8}.AppStore|iPhoneSimulator.ActiveCfg = Release|Any CPU
		{5059559D-87D8-4F45-9BA2-F878936D5AA8}.AppStore|iPhoneSimulator.Build.0 = Release|Any CPU
		{5059559D-87D8-4F45-9BA2-F878936D5AA8}.AppStore|iPhoneSimulator.Deploy.0 = Release|Any CPU
		{5059559D-87D8-4F45-9BA2-F878936D5AA8}.Debug|Any CPU.ActiveCfg = Debug|Any CPU
		{5059559D-87D8-4F45-9BA2-F878936D5AA8}.Debug|Any CPU.Build.0 = Debug|Any CPU
		{5059559D-87D8-4F45-9BA2-F878936D5AA8}.Debug|Any CPU.Deploy.0 = Debug|Any CPU
		{5059559D-87D8-4F45-9BA2-F878936D5AA8}.Debug|iPhone.ActiveCfg = Debug|Any CPU
		{5059559D-87D8-4F45-9BA2-F878936D5AA8}.Debug|iPhone.Build.0 = Debug|Any CPU
		{5059559D-87D8-4F45-9BA2-F878936D5AA8}.Debug|iPhone.Deploy.0 = Debug|Any CPU
		{5059559D-87D8-4F45-9BA2-F878936D5AA8}.Debug|iPhoneSimulator.ActiveCfg = Debug|Any CPU
		{5059559D-87D8-4F45-9BA2-F878936D5AA8}.Debug|iPhoneSimulator.Build.0 = Debug|Any CPU
		{5059559D-87D8-4F45-9BA2-F878936D5AA8}.Debug|iPhoneSimulator.Deploy.0 = Debug|Any CPU
		{5059559D-87D8-4F45-9BA2-F878936D5AA8}.Release|Any CPU.ActiveCfg = Release|Any CPU
		{5059559D-87D8-4F45-9BA2-F878936D5AA8}.Release|Any CPU.Build.0 = Release|Any CPU
		{5059559D-87D8-4F45-9BA2-F878936D5AA8}.Release|Any CPU.Deploy.0 = Release|Any CPU
		{5059559D-87D8-4F45-9BA2-F878936D5AA8}.Release|iPhone.ActiveCfg = Release|Any CPU
		{5059559D-87D8-4F45-9BA2-F878936D5AA8}.Release|iPhone.Build.0 = Release|Any CPU
		{5059559D-87D8-4F45-9BA2-F878936D5AA8}.Release|iPhone.Deploy.0 = Release|Any CPU
		{5059559D-87D8-4F45-9BA2-F878936D5AA8}.Release|iPhoneSimulator.ActiveCfg = Release|Any CPU
		{5059559D-87D8-4F45-9BA2-F878936D5AA8}.Release|iPhoneSimulator.Build.0 = Release|Any CPU
		{5059559D-87D8-4F45-9BA2-F878936D5AA8}.Release|iPhoneSimulator.Deploy.0 = Release|Any CPU
		{3F15F945-B1E7-4BCA-B6B7-C1F3C03507C5}.Ad-Hoc|Any CPU.ActiveCfg = Ad-Hoc|iPhone
		{3F15F945-B1E7-4BCA-B6B7-C1F3C03507C5}.Ad-Hoc|iPhone.ActiveCfg = Ad-Hoc|iPhone
		{3F15F945-B1E7-4BCA-B6B7-C1F3C03507C5}.Ad-Hoc|iPhone.Build.0 = Ad-Hoc|iPhone
		{3F15F945-B1E7-4BCA-B6B7-C1F3C03507C5}.Ad-Hoc|iPhoneSimulator.ActiveCfg = Ad-Hoc|iPhoneSimulator
		{3F15F945-B1E7-4BCA-B6B7-C1F3C03507C5}.Ad-Hoc|iPhoneSimulator.Build.0 = Ad-Hoc|iPhoneSimulator
		{3F15F945-B1E7-4BCA-B6B7-C1F3C03507C5}.AppStore|Any CPU.ActiveCfg = AppStore|iPhone
		{3F15F945-B1E7-4BCA-B6B7-C1F3C03507C5}.AppStore|iPhone.ActiveCfg = AppStore|iPhone
		{3F15F945-B1E7-4BCA-B6B7-C1F3C03507C5}.AppStore|iPhone.Build.0 = AppStore|iPhone
		{3F15F945-B1E7-4BCA-B6B7-C1F3C03507C5}.AppStore|iPhoneSimulator.ActiveCfg = AppStore|iPhoneSimulator
		{3F15F945-B1E7-4BCA-B6B7-C1F3C03507C5}.AppStore|iPhoneSimulator.Build.0 = AppStore|iPhoneSimulator
		{3F15F945-B1E7-4BCA-B6B7-C1F3C03507C5}.Debug|Any CPU.ActiveCfg = Debug|iPhone
		{3F15F945-B1E7-4BCA-B6B7-C1F3C03507C5}.Debug|iPhone.ActiveCfg = Debug|iPhone
		{3F15F945-B1E7-4BCA-B6B7-C1F3C03507C5}.Debug|iPhone.Build.0 = Debug|iPhone
		{3F15F945-B1E7-4BCA-B6B7-C1F3C03507C5}.Debug|iPhoneSimulator.ActiveCfg = Debug|iPhoneSimulator
		{3F15F945-B1E7-4BCA-B6B7-C1F3C03507C5}.Debug|iPhoneSimulator.Build.0 = Debug|iPhoneSimulator
		{3F15F945-B1E7-4BCA-B6B7-C1F3C03507C5}.Release|Any CPU.ActiveCfg = Release|iPhone
		{3F15F945-B1E7-4BCA-B6B7-C1F3C03507C5}.Release|iPhone.ActiveCfg = Release|iPhone
		{3F15F945-B1E7-4BCA-B6B7-C1F3C03507C5}.Release|iPhone.Build.0 = Release|iPhone
		{3F15F945-B1E7-4BCA-B6B7-C1F3C03507C5}.Release|iPhoneSimulator.ActiveCfg = Release|iPhoneSimulator
		{3F15F945-B1E7-4BCA-B6B7-C1F3C03507C5}.Release|iPhoneSimulator.Build.0 = Release|iPhoneSimulator
	EndGlobalSection
	GlobalSection(SolutionProperties) = preSolution
		HideSolutionNode = FALSE
	EndGlobalSection
	GlobalSection(NestedProjects) = preSolution
		{69E3BB73-5934-4135-9201-4B7AB0BF17E8} = {8F3C8D9E-A33E-4B4F-8499-732BBE1086EC}
		{71BF7649-A0CA-4F89-9259-E0A74471AD90} = {311EAC67-79BE-484B-AB2D-366B6E415EBA}
		{84F99648-0A3A-4AFF-A49C-CE940465A599} = {311EAC67-79BE-484B-AB2D-366B6E415EBA}
		{3CF91C09-B501-4C7F-A906-0547996FACFC} = {311EAC67-79BE-484B-AB2D-366B6E415EBA}
		{194E0164-90C1-45E0-8DD0-C9914350DA73} = {311EAC67-79BE-484B-AB2D-366B6E415EBA}
		{69611251-210F-47C5-A5E7-7DFCF9C38699} = {724B9759-BB5B-4DFA-A642-6B9FB74B7469}
		{56B4E23B-CAC3-4179-8576-80271C43CA62} = {724B9759-BB5B-4DFA-A642-6B9FB74B7469}
		{E97ADE0E-1FE5-423D-B253-1A74CEE93173} = {724B9759-BB5B-4DFA-A642-6B9FB74B7469}
		{EB926FCF-8A1F-4FB3-BE7C-5191AC241934} = {724B9759-BB5B-4DFA-A642-6B9FB74B7469}
		{1E6E8942-950F-42E6-B0C6-0FFF333B3C0A} = {724B9759-BB5B-4DFA-A642-6B9FB74B7469}
		{917E831F-AC2C-4504-8B6E-ABB6440AD28E} = {8F3C8D9E-A33E-4B4F-8499-732BBE1086EC}
		{AA485A87-DFFA-47DD-A7AC-A64AB7362529} = {8F3C8D9E-A33E-4B4F-8499-732BBE1086EC}
		{563E38D6-AA89-40AC-B356-08F2D7FA6C97} = {718D13F1-FB58-47DE-A32E-A351E7E7B798}
		{74641518-E3A3-4B5D-B5D4-E7A3D6D05512} = {0375A673-D23C-41F7-9397-784169C5EB5D}
		{5059559D-87D8-4F45-9BA2-F878936D5AA8} = {0375A673-D23C-41F7-9397-784169C5EB5D}
		{3F15F945-B1E7-4BCA-B6B7-C1F3C03507C5} = {0375A673-D23C-41F7-9397-784169C5EB5D}
	EndGlobalSection
	GlobalSection(ExtensibilityGlobals) = postSolution
		SolutionGuid = {2C5B0F33-CC67-409B-9269-4DCD9F262A92}
	EndGlobalSection
EndGlobal
