
Microsoft Visual Studio Solution File, Format Version 12.00
# Visual Studio 2012
Project("{2150E333-8FDC-42A3-9474-1A3956D46DE8}") = "Library", "Library", "{37D5C134-B8FC-4A29-92DE-0061ACDC6C14}"
EndProject
Project("{FAE04EC0-301F-11D3-BF4B-00C04F79EFBC}") = "Cryoprison.iOS", "Library\Cryoprison.iOS\Cryoprison.iOS.csproj", "{EB926FCF-8A1F-4FB3-BE7C-5191AC241934}"
EndProject
Project("{D954291E-2A0B-460D-934E-DC6B0785DB48}") = "Cryoprison", "Library\Cryoprison\Cryoprison.shproj", "{69611251-210F-47C5-A5E7-7DFCF9C38699}"
EndProject
Project("{2150E333-8FDC-42A3-9474-1A3956D46DE8}") = "SampleApp", "SampleApp", "{8F3C8D9E-A33E-4B4F-8499-732BBE1086EC}"
EndProject
Project("{FAE04EC0-301F-11D3-BF4B-00C04F79EFBC}") = "SampleApp.iOS", "SampleApp\SampleApp.iOS\SampleApp.iOS.csproj", "{917E831F-AC2C-4504-8B6E-ABB6440AD28E}"
EndProject
Project("{FAE04EC0-301F-11D3-BF4B-00C04F79EFBC}") = "SampleApp", "SampleApp\SampleApp\SampleApp.csproj", "{28B9712D-1395-4204-8472-73C6845D9812}"
EndProject
Project("{2150E333-8FDC-42A3-9474-1A3956D46DE8}") = "Solution Items", "Solution Items", "{E05747EF-CDAB-43CA-B6CE-53488EDAFCB0}"
	ProjectSection(SolutionItems) = preProject
		README.md = README.md
		LICENSE = LICENSE
	EndProjectSection
EndProject
Project("{FAE04EC0-301F-11D3-BF4B-00C04F79EFBC}") = "Cryoprison.Android", "Library\Cryoprison.Android\Cryoprison.Android.csproj", "{56B4E23B-CAC3-4179-8576-80271C43CA62}"
EndProject
Project("{FAE04EC0-301F-11D3-BF4B-00C04F79EFBC}") = "SampleApp.Android", "SampleApp\SampleApp.Android\SampleApp.Android.csproj", "{69E3BB73-5934-4135-9201-4B7AB0BF17E8}"
EndProject
Project("{2150E333-8FDC-42A3-9474-1A3956D46DE8}") = "Test", "Test", "{311EAC67-79BE-484B-AB2D-366B6E415EBA}"
EndProject
Project("{FAE04EC0-301F-11D3-BF4B-00C04F79EFBC}") = "Cryoprison.Test", "Test\Cryoprison.Test\Cryoprison.Test.csproj", "{71BF7649-A0CA-4F89-9259-E0A74471AD90}"
EndProject
Project("{D954291E-2A0B-460D-934E-DC6B0785DB48}") = "Cryoprison.Android.Testable", "Library\Cryoprison.Android.Testable\Cryoprison.Android.Testable.shproj", "{E97ADE0E-1FE5-423D-B253-1A74CEE93173}"
EndProject
Project("{FAE04EC0-301F-11D3-BF4B-00C04F79EFBC}") = "Cryoprison.Test.Android", "Test\Cryoprison.Test.Android\Cryoprison.Test.Android.csproj", "{84F99648-0A3A-4AFF-A49C-CE940465A599}"
EndProject
Global
	GlobalSection(SolutionConfigurationPlatforms) = preSolution
		Debug|Any CPU = Debug|Any CPU
		Release|Any CPU = Release|Any CPU
		Debug|iPhoneSimulator = Debug|iPhoneSimulator
		Release|iPhoneSimulator = Release|iPhoneSimulator
		Debug|iPhone = Debug|iPhone
		Release|iPhone = Release|iPhone
		Ad-Hoc|iPhone = Ad-Hoc|iPhone
		AppStore|iPhone = AppStore|iPhone
	EndGlobalSection
	GlobalSection(ProjectConfigurationPlatforms) = postSolution
		{EB926FCF-8A1F-4FB3-BE7C-5191AC241934}.Debug|Any CPU.ActiveCfg = Debug|Any CPU
		{EB926FCF-8A1F-4FB3-BE7C-5191AC241934}.Debug|Any CPU.Build.0 = Debug|Any CPU
		{EB926FCF-8A1F-4FB3-BE7C-5191AC241934}.Release|Any CPU.ActiveCfg = Release|Any CPU
		{EB926FCF-8A1F-4FB3-BE7C-5191AC241934}.Release|Any CPU.Build.0 = Release|Any CPU
		{EB926FCF-8A1F-4FB3-BE7C-5191AC241934}.Debug|iPhoneSimulator.ActiveCfg = Debug|Any CPU
		{EB926FCF-8A1F-4FB3-BE7C-5191AC241934}.Debug|iPhoneSimulator.Build.0 = Debug|Any CPU
		{EB926FCF-8A1F-4FB3-BE7C-5191AC241934}.Release|iPhoneSimulator.ActiveCfg = Release|Any CPU
		{EB926FCF-8A1F-4FB3-BE7C-5191AC241934}.Release|iPhoneSimulator.Build.0 = Release|Any CPU
		{EB926FCF-8A1F-4FB3-BE7C-5191AC241934}.Debug|iPhone.ActiveCfg = Debug|Any CPU
		{EB926FCF-8A1F-4FB3-BE7C-5191AC241934}.Debug|iPhone.Build.0 = Debug|Any CPU
		{EB926FCF-8A1F-4FB3-BE7C-5191AC241934}.Release|iPhone.ActiveCfg = Release|Any CPU
		{EB926FCF-8A1F-4FB3-BE7C-5191AC241934}.Release|iPhone.Build.0 = Release|Any CPU
		{EB926FCF-8A1F-4FB3-BE7C-5191AC241934}.Ad-Hoc|iPhone.ActiveCfg = Release|Any CPU
		{EB926FCF-8A1F-4FB3-BE7C-5191AC241934}.Ad-Hoc|iPhone.Build.0 = Release|Any CPU
		{EB926FCF-8A1F-4FB3-BE7C-5191AC241934}.AppStore|iPhone.ActiveCfg = Release|Any CPU
		{EB926FCF-8A1F-4FB3-BE7C-5191AC241934}.AppStore|iPhone.Build.0 = Release|Any CPU
		{917E831F-AC2C-4504-8B6E-ABB6440AD28E}.Debug|Any CPU.ActiveCfg = Debug|iPhoneSimulator
		{917E831F-AC2C-4504-8B6E-ABB6440AD28E}.Debug|Any CPU.Build.0 = Debug|iPhoneSimulator
		{917E831F-AC2C-4504-8B6E-ABB6440AD28E}.Release|Any CPU.ActiveCfg = Release|iPhoneSimulator
		{917E831F-AC2C-4504-8B6E-ABB6440AD28E}.Release|Any CPU.Build.0 = Release|iPhoneSimulator
		{917E831F-AC2C-4504-8B6E-ABB6440AD28E}.Debug|iPhoneSimulator.ActiveCfg = Debug|iPhoneSimulator
		{917E831F-AC2C-4504-8B6E-ABB6440AD28E}.Debug|iPhoneSimulator.Build.0 = Debug|iPhoneSimulator
		{917E831F-AC2C-4504-8B6E-ABB6440AD28E}.Release|iPhoneSimulator.ActiveCfg = Release|iPhoneSimulator
		{917E831F-AC2C-4504-8B6E-ABB6440AD28E}.Release|iPhoneSimulator.Build.0 = Release|iPhoneSimulator
		{917E831F-AC2C-4504-8B6E-ABB6440AD28E}.Debug|iPhone.ActiveCfg = Debug|iPhone
		{917E831F-AC2C-4504-8B6E-ABB6440AD28E}.Debug|iPhone.Build.0 = Debug|iPhone
		{917E831F-AC2C-4504-8B6E-ABB6440AD28E}.Release|iPhone.ActiveCfg = Release|iPhone
		{917E831F-AC2C-4504-8B6E-ABB6440AD28E}.Release|iPhone.Build.0 = Release|iPhone
		{917E831F-AC2C-4504-8B6E-ABB6440AD28E}.Ad-Hoc|iPhone.ActiveCfg = Ad-Hoc|iPhone
		{917E831F-AC2C-4504-8B6E-ABB6440AD28E}.Ad-Hoc|iPhone.Build.0 = Ad-Hoc|iPhone
		{917E831F-AC2C-4504-8B6E-ABB6440AD28E}.AppStore|iPhone.ActiveCfg = AppStore|iPhone
		{917E831F-AC2C-4504-8B6E-ABB6440AD28E}.AppStore|iPhone.Build.0 = AppStore|iPhone
		{28B9712D-1395-4204-8472-73C6845D9812}.Debug|Any CPU.ActiveCfg = Debug|Any CPU
		{28B9712D-1395-4204-8472-73C6845D9812}.Debug|Any CPU.Build.0 = Debug|Any CPU
		{28B9712D-1395-4204-8472-73C6845D9812}.Release|Any CPU.ActiveCfg = Release|Any CPU
		{28B9712D-1395-4204-8472-73C6845D9812}.Release|Any CPU.Build.0 = Release|Any CPU
		{28B9712D-1395-4204-8472-73C6845D9812}.Debug|iPhoneSimulator.ActiveCfg = Debug|Any CPU
		{28B9712D-1395-4204-8472-73C6845D9812}.Debug|iPhoneSimulator.Build.0 = Debug|Any CPU
		{28B9712D-1395-4204-8472-73C6845D9812}.Release|iPhoneSimulator.ActiveCfg = Release|Any CPU
		{28B9712D-1395-4204-8472-73C6845D9812}.Release|iPhoneSimulator.Build.0 = Release|Any CPU
		{28B9712D-1395-4204-8472-73C6845D9812}.Debug|iPhone.ActiveCfg = Debug|Any CPU
		{28B9712D-1395-4204-8472-73C6845D9812}.Debug|iPhone.Build.0 = Debug|Any CPU
		{28B9712D-1395-4204-8472-73C6845D9812}.Release|iPhone.ActiveCfg = Release|Any CPU
		{28B9712D-1395-4204-8472-73C6845D9812}.Release|iPhone.Build.0 = Release|Any CPU
		{28B9712D-1395-4204-8472-73C6845D9812}.Ad-Hoc|iPhone.ActiveCfg = Release|Any CPU
		{28B9712D-1395-4204-8472-73C6845D9812}.Ad-Hoc|iPhone.Build.0 = Release|Any CPU
		{28B9712D-1395-4204-8472-73C6845D9812}.AppStore|iPhone.ActiveCfg = Release|Any CPU
		{28B9712D-1395-4204-8472-73C6845D9812}.AppStore|iPhone.Build.0 = Release|Any CPU
		{56B4E23B-CAC3-4179-8576-80271C43CA62}.Debug|Any CPU.ActiveCfg = Debug|Any CPU
		{56B4E23B-CAC3-4179-8576-80271C43CA62}.Debug|Any CPU.Build.0 = Debug|Any CPU
		{56B4E23B-CAC3-4179-8576-80271C43CA62}.Release|Any CPU.ActiveCfg = Release|Any CPU
		{56B4E23B-CAC3-4179-8576-80271C43CA62}.Release|Any CPU.Build.0 = Release|Any CPU
		{56B4E23B-CAC3-4179-8576-80271C43CA62}.Debug|iPhoneSimulator.ActiveCfg = Debug|Any CPU
		{56B4E23B-CAC3-4179-8576-80271C43CA62}.Debug|iPhoneSimulator.Build.0 = Debug|Any CPU
		{56B4E23B-CAC3-4179-8576-80271C43CA62}.Release|iPhoneSimulator.ActiveCfg = Release|Any CPU
		{56B4E23B-CAC3-4179-8576-80271C43CA62}.Release|iPhoneSimulator.Build.0 = Release|Any CPU
		{56B4E23B-CAC3-4179-8576-80271C43CA62}.Debug|iPhone.ActiveCfg = Debug|Any CPU
		{56B4E23B-CAC3-4179-8576-80271C43CA62}.Debug|iPhone.Build.0 = Debug|Any CPU
		{56B4E23B-CAC3-4179-8576-80271C43CA62}.Release|iPhone.ActiveCfg = Release|Any CPU
		{56B4E23B-CAC3-4179-8576-80271C43CA62}.Release|iPhone.Build.0 = Release|Any CPU
		{56B4E23B-CAC3-4179-8576-80271C43CA62}.Ad-Hoc|iPhone.ActiveCfg = Release|Any CPU
		{56B4E23B-CAC3-4179-8576-80271C43CA62}.Ad-Hoc|iPhone.Build.0 = Release|Any CPU
		{56B4E23B-CAC3-4179-8576-80271C43CA62}.AppStore|iPhone.ActiveCfg = Release|Any CPU
		{56B4E23B-CAC3-4179-8576-80271C43CA62}.AppStore|iPhone.Build.0 = Release|Any CPU
		{69E3BB73-5934-4135-9201-4B7AB0BF17E8}.Debug|Any CPU.ActiveCfg = Debug|Any CPU
		{69E3BB73-5934-4135-9201-4B7AB0BF17E8}.Debug|Any CPU.Build.0 = Debug|Any CPU
		{69E3BB73-5934-4135-9201-4B7AB0BF17E8}.Release|Any CPU.ActiveCfg = Release|Any CPU
		{69E3BB73-5934-4135-9201-4B7AB0BF17E8}.Release|Any CPU.Build.0 = Release|Any CPU
		{69E3BB73-5934-4135-9201-4B7AB0BF17E8}.Debug|iPhoneSimulator.ActiveCfg = Debug|Any CPU
		{69E3BB73-5934-4135-9201-4B7AB0BF17E8}.Debug|iPhoneSimulator.Build.0 = Debug|Any CPU
		{69E3BB73-5934-4135-9201-4B7AB0BF17E8}.Release|iPhoneSimulator.ActiveCfg = Release|Any CPU
		{69E3BB73-5934-4135-9201-4B7AB0BF17E8}.Release|iPhoneSimulator.Build.0 = Release|Any CPU
		{69E3BB73-5934-4135-9201-4B7AB0BF17E8}.Debug|iPhone.ActiveCfg = Debug|Any CPU
		{69E3BB73-5934-4135-9201-4B7AB0BF17E8}.Debug|iPhone.Build.0 = Debug|Any CPU
		{69E3BB73-5934-4135-9201-4B7AB0BF17E8}.Release|iPhone.ActiveCfg = Release|Any CPU
		{69E3BB73-5934-4135-9201-4B7AB0BF17E8}.Release|iPhone.Build.0 = Release|Any CPU
		{69E3BB73-5934-4135-9201-4B7AB0BF17E8}.Ad-Hoc|iPhone.ActiveCfg = Release|Any CPU
		{69E3BB73-5934-4135-9201-4B7AB0BF17E8}.Ad-Hoc|iPhone.Build.0 = Release|Any CPU
		{69E3BB73-5934-4135-9201-4B7AB0BF17E8}.AppStore|iPhone.ActiveCfg = Release|Any CPU
		{69E3BB73-5934-4135-9201-4B7AB0BF17E8}.AppStore|iPhone.Build.0 = Release|Any CPU
		{71BF7649-A0CA-4F89-9259-E0A74471AD90}.Debug|Any CPU.ActiveCfg = Debug|Any CPU
		{71BF7649-A0CA-4F89-9259-E0A74471AD90}.Debug|Any CPU.Build.0 = Debug|Any CPU
		{71BF7649-A0CA-4F89-9259-E0A74471AD90}.Release|Any CPU.ActiveCfg = Release|Any CPU
		{71BF7649-A0CA-4F89-9259-E0A74471AD90}.Release|Any CPU.Build.0 = Release|Any CPU
		{71BF7649-A0CA-4F89-9259-E0A74471AD90}.Debug|iPhoneSimulator.ActiveCfg = Debug|Any CPU
		{71BF7649-A0CA-4F89-9259-E0A74471AD90}.Debug|iPhoneSimulator.Build.0 = Debug|Any CPU
		{71BF7649-A0CA-4F89-9259-E0A74471AD90}.Release|iPhoneSimulator.ActiveCfg = Release|Any CPU
		{71BF7649-A0CA-4F89-9259-E0A74471AD90}.Release|iPhoneSimulator.Build.0 = Release|Any CPU
		{71BF7649-A0CA-4F89-9259-E0A74471AD90}.Debug|iPhone.ActiveCfg = Debug|Any CPU
		{71BF7649-A0CA-4F89-9259-E0A74471AD90}.Debug|iPhone.Build.0 = Debug|Any CPU
		{71BF7649-A0CA-4F89-9259-E0A74471AD90}.Release|iPhone.ActiveCfg = Release|Any CPU
		{71BF7649-A0CA-4F89-9259-E0A74471AD90}.Release|iPhone.Build.0 = Release|Any CPU
		{71BF7649-A0CA-4F89-9259-E0A74471AD90}.Ad-Hoc|iPhone.ActiveCfg = Release|Any CPU
		{71BF7649-A0CA-4F89-9259-E0A74471AD90}.Ad-Hoc|iPhone.Build.0 = Release|Any CPU
		{71BF7649-A0CA-4F89-9259-E0A74471AD90}.AppStore|iPhone.ActiveCfg = Release|Any CPU
		{71BF7649-A0CA-4F89-9259-E0A74471AD90}.AppStore|iPhone.Build.0 = Release|Any CPU
		{84F99648-0A3A-4AFF-A49C-CE940465A599}.Debug|Any CPU.ActiveCfg = Debug|Any CPU
		{84F99648-0A3A-4AFF-A49C-CE940465A599}.Debug|Any CPU.Build.0 = Debug|Any CPU
		{84F99648-0A3A-4AFF-A49C-CE940465A599}.Release|Any CPU.ActiveCfg = Release|Any CPU
		{84F99648-0A3A-4AFF-A49C-CE940465A599}.Release|Any CPU.Build.0 = Release|Any CPU
		{84F99648-0A3A-4AFF-A49C-CE940465A599}.Debug|iPhoneSimulator.ActiveCfg = Debug|Any CPU
		{84F99648-0A3A-4AFF-A49C-CE940465A599}.Debug|iPhoneSimulator.Build.0 = Debug|Any CPU
		{84F99648-0A3A-4AFF-A49C-CE940465A599}.Release|iPhoneSimulator.ActiveCfg = Release|Any CPU
		{84F99648-0A3A-4AFF-A49C-CE940465A599}.Release|iPhoneSimulator.Build.0 = Release|Any CPU
		{84F99648-0A3A-4AFF-A49C-CE940465A599}.Debug|iPhone.ActiveCfg = Debug|Any CPU
		{84F99648-0A3A-4AFF-A49C-CE940465A599}.Debug|iPhone.Build.0 = Debug|Any CPU
		{84F99648-0A3A-4AFF-A49C-CE940465A599}.Release|iPhone.ActiveCfg = Release|Any CPU
		{84F99648-0A3A-4AFF-A49C-CE940465A599}.Release|iPhone.Build.0 = Release|Any CPU
		{84F99648-0A3A-4AFF-A49C-CE940465A599}.Ad-Hoc|iPhone.ActiveCfg = Release|Any CPU
		{84F99648-0A3A-4AFF-A49C-CE940465A599}.Ad-Hoc|iPhone.Build.0 = Release|Any CPU
		{84F99648-0A3A-4AFF-A49C-CE940465A599}.AppStore|iPhone.ActiveCfg = Release|Any CPU
		{84F99648-0A3A-4AFF-A49C-CE940465A599}.AppStore|iPhone.Build.0 = Release|Any CPU
	EndGlobalSection
	GlobalSection(NestedProjects) = preSolution
		{EB926FCF-8A1F-4FB3-BE7C-5191AC241934} = {37D5C134-B8FC-4A29-92DE-0061ACDC6C14}
		{69611251-210F-47C5-A5E7-7DFCF9C38699} = {37D5C134-B8FC-4A29-92DE-0061ACDC6C14}
		{917E831F-AC2C-4504-8B6E-ABB6440AD28E} = {8F3C8D9E-A33E-4B4F-8499-732BBE1086EC}
		{28B9712D-1395-4204-8472-73C6845D9812} = {8F3C8D9E-A33E-4B4F-8499-732BBE1086EC}
		{56B4E23B-CAC3-4179-8576-80271C43CA62} = {37D5C134-B8FC-4A29-92DE-0061ACDC6C14}
		{69E3BB73-5934-4135-9201-4B7AB0BF17E8} = {8F3C8D9E-A33E-4B4F-8499-732BBE1086EC}
		{71BF7649-A0CA-4F89-9259-E0A74471AD90} = {311EAC67-79BE-484B-AB2D-366B6E415EBA}
		{E97ADE0E-1FE5-423D-B253-1A74CEE93173} = {37D5C134-B8FC-4A29-92DE-0061ACDC6C14}
		{84F99648-0A3A-4AFF-A49C-CE940465A599} = {311EAC67-79BE-484B-AB2D-366B6E415EBA}
	EndGlobalSection
EndGlobal
