Microsoft Visual Studio Solution File, Format Version 12.00
# Visual Studio 15
VisualStudioVersion = 15.0.27130.2036
MinimumVisualStudioVersion = 10.0.40219.1
Project("{2150E333-8FDC-42A3-9474-1A3956D46DE8}") = "SampleApp", "SampleApp", "{8F3C8D9E-A33E-4B4F-8499-732BBE1086EC}"
EndProject
Project("{2150E333-8FDC-42A3-9474-1A3956D46DE8}") = "Solution Items", "Solution Items", "{E05747EF-CDAB-43CA-B6CE-53488EDAFCB0}"
	ProjectSection(SolutionItems) = preProject
		LICENSE = LICENSE
		README.md = README.md
	EndProjectSection
EndProject
Project("{FAE04EC0-301F-11D3-BF4B-00C04F79EFBC}") = "SampleApp.Android", "SampleApp\SampleApp.Android\SampleApp.Android.csproj", "{69E3BB73-5934-4135-9201-4B7AB0BF17E8}"
EndProject
Project("{2150E333-8FDC-42A3-9474-1A3956D46DE8}") = "Test", "Test", "{311EAC67-79BE-484B-AB2D-366B6E415EBA}"
EndProject
Project("{9A19103F-16F7-4668-BE54-9A1E7A4F7556}") = "Cryoprison.Test", "Test\Cryoprison.Test\Cryoprison.Test.csproj", "{71BF7649-A0CA-4F89-9259-E0A74471AD90}"
EndProject
Project("{9A19103F-16F7-4668-BE54-9A1E7A4F7556}") = "Cryoprison.Test.Android", "Test\Cryoprison.Test.Android\Cryoprison.Test.Android.csproj", "{84F99648-0A3A-4AFF-A49C-CE940465A599}"
EndProject
Project("{9A19103F-16F7-4668-BE54-9A1E7A4F7556}") = "Cryoprison.Test.iOS", "Test\Cryoprison.Test.iOS\Cryoprison.Test.iOS.csproj", "{3CF91C09-B501-4C7F-A906-0547996FACFC}"
EndProject
Project("{D954291E-2A0B-460D-934E-DC6B0785DB48}") = "Cryoprison.Test.Shared", "Test\Cryoprison.Test.Shared\Cryoprison.Test.Shared.shproj", "{194E0164-90C1-45E0-8DD0-C9914350DA73}"
EndProject
Project("{2150E333-8FDC-42A3-9474-1A3956D46DE8}") = "Build", "Build", "{E8DBB387-548B-4C30-A105-0ED7C842D3D6}"
EndProject
Project("{9A19103F-16F7-4668-BE54-9A1E7A4F7556}") = "CryoprisonPlugin", "Build\CryoprisonPlugin\CryoprisonPlugin.csproj", "{FCCF7C8B-38EB-4CB9-AB9C-D994B235CCAF}"
EndProject
Project("{2150E333-8FDC-42A3-9474-1A3956D46DE8}") = "Library", "Library", "{724B9759-BB5B-4DFA-A642-6B9FB74B7469}"
EndProject
Project("{D954291E-2A0B-460D-934E-DC6B0785DB48}") = "Cryoprison", "Library\Cryoprison\Cryoprison.shproj", "{69611251-210F-47C5-A5E7-7DFCF9C38699}"
EndProject
Project("{FAE04EC0-301F-11D3-BF4B-00C04F79EFBC}") = "Cryoprison.Android", "Library\Cryoprison.Android\Cryoprison.Android.csproj", "{56B4E23B-CAC3-4179-8576-80271C43CA62}"
EndProject
Project("{D954291E-2A0B-460D-934E-DC6B0785DB48}") = "Cryoprison.Android.Testable", "Library\Cryoprison.Android.Testable\Cryoprison.Android.Testable.shproj", "{E97ADE0E-1FE5-423D-B253-1A74CEE93173}"
EndProject
Project("{FAE04EC0-301F-11D3-BF4B-00C04F79EFBC}") = "Cryoprison.iOS", "Library\Cryoprison.iOS\Cryoprison.iOS.csproj", "{EB926FCF-8A1F-4FB3-BE7C-5191AC241934}"
EndProject
Project("{D954291E-2A0B-460D-934E-DC6B0785DB48}") = "Cryoprison.iOS.Testable", "Library\Cryoprison.iOS.Testable\Cryoprison.iOS.Testable.shproj", "{1E6E8942-950F-42E6-B0C6-0FFF333B3C0A}"
EndProject
Project("{FAE04EC0-301F-11D3-BF4B-00C04F79EFBC}") = "CryoprisonPackage", "Build\CryoprisonPackage\CryoprisonPackage.csproj", "{D9CE40DF-48BF-4DC9-A504-B52648ED3106}"
EndProject
Project("{FAE04EC0-301F-11D3-BF4B-00C04F79EFBC}") = "Cryoprison.Android.Package", "Build\Cryoprison.Android.Package\Cryoprison.Android.Package.csproj", "{554CF67C-6145-42F7-9B16-E6670FBE2909}"
EndProject
Global
	GlobalSection(SharedMSBuildProjectFiles) = preSolution
		Test\Cryoprison.Test.Shared\Cryoprison.Test.Shared.projitems*{194e0164-90c1-45e0-8dd0-c9914350da73}*SharedItemsImports = 13
		Library\Cryoprison.iOS.Testable\Cryoprison.iOS.Testable.projitems*{1e6e8942-950f-42e6-b0c6-0fff333b3c0a}*SharedItemsImports = 13
		Library\Cryoprison.Android.Testable\Cryoprison.Android.Testable.projitems*{56b4e23b-cac3-4179-8576-80271c43ca62}*SharedItemsImports = 4
		Library\Cryoprison\Cryoprison.projitems*{56b4e23b-cac3-4179-8576-80271c43ca62}*SharedItemsImports = 4
		Library\Cryoprison\Cryoprison.projitems*{69611251-210f-47c5-a5e7-7dfcf9c38699}*SharedItemsImports = 13
		Library\Cryoprison.Android.Testable\Cryoprison.Android.Testable.projitems*{e97ade0e-1fe5-423d-b253-1a74cee93173}*SharedItemsImports = 13
		Library\Cryoprison.iOS.Testable\Cryoprison.iOS.Testable.projitems*{eb926fcf-8a1f-4fb3-be7c-5191ac241934}*SharedItemsImports = 4
		Library\Cryoprison\Cryoprison.projitems*{eb926fcf-8a1f-4fb3-be7c-5191ac241934}*SharedItemsImports = 4
	EndGlobalSection
	GlobalSection(SolutionConfigurationPlatforms) = preSolution
		Ad-Hoc|Any CPU = Ad-Hoc|Any CPU
		Ad-Hoc|iPhone = Ad-Hoc|iPhone
		Ad-Hoc|iPhoneSimulator = Ad-Hoc|iPhoneSimulator
		AppStore|Any CPU = AppStore|Any CPU
		AppStore|iPhone = AppStore|iPhone
		AppStore|iPhoneSimulator = AppStore|iPhoneSimulator
		Debug|Any CPU = Debug|Any CPU
		Debug|iPhone = Debug|iPhone
		Debug|iPhoneSimulator = Debug|iPhoneSimulator
		Release|Any CPU = Release|Any CPU
		Release|iPhone = Release|iPhone
		Release|iPhoneSimulator = Release|iPhoneSimulator
	EndGlobalSection
	GlobalSection(ProjectConfigurationPlatforms) = postSolution
		{69E3BB73-5934-4135-9201-4B7AB0BF17E8}.Ad-Hoc|Any CPU.ActiveCfg = Debug|Any CPU
		{69E3BB73-5934-4135-9201-4B7AB0BF17E8}.Ad-Hoc|Any CPU.Build.0 = Debug|Any CPU
		{69E3BB73-5934-4135-9201-4B7AB0BF17E8}.Ad-Hoc|Any CPU.Deploy.0 = Debug|Any CPU
		{69E3BB73-5934-4135-9201-4B7AB0BF17E8}.Ad-Hoc|iPhone.ActiveCfg = Release|Any CPU
		{69E3BB73-5934-4135-9201-4B7AB0BF17E8}.Ad-Hoc|iPhone.Build.0 = Release|Any CPU
		{69E3BB73-5934-4135-9201-4B7AB0BF17E8}.Ad-Hoc|iPhoneSimulator.ActiveCfg = Debug|Any CPU
		{69E3BB73-5934-4135-9201-4B7AB0BF17E8}.Ad-Hoc|iPhoneSimulator.Build.0 = Debug|Any CPU
		{69E3BB73-5934-4135-9201-4B7AB0BF17E8}.Ad-Hoc|iPhoneSimulator.Deploy.0 = Debug|Any CPU
		{69E3BB73-5934-4135-9201-4B7AB0BF17E8}.AppStore|Any CPU.ActiveCfg = Debug|Any CPU
		{69E3BB73-5934-4135-9201-4B7AB0BF17E8}.AppStore|Any CPU.Build.0 = Debug|Any CPU
		{69E3BB73-5934-4135-9201-4B7AB0BF17E8}.AppStore|Any CPU.Deploy.0 = Debug|Any CPU
		{69E3BB73-5934-4135-9201-4B7AB0BF17E8}.AppStore|iPhone.ActiveCfg = Release|Any CPU
		{69E3BB73-5934-4135-9201-4B7AB0BF17E8}.AppStore|iPhone.Build.0 = Release|Any CPU
		{69E3BB73-5934-4135-9201-4B7AB0BF17E8}.AppStore|iPhoneSimulator.ActiveCfg = Debug|Any CPU
		{69E3BB73-5934-4135-9201-4B7AB0BF17E8}.AppStore|iPhoneSimulator.Build.0 = Debug|Any CPU
		{69E3BB73-5934-4135-9201-4B7AB0BF17E8}.AppStore|iPhoneSimulator.Deploy.0 = Debug|Any CPU
		{69E3BB73-5934-4135-9201-4B7AB0BF17E8}.Debug|Any CPU.ActiveCfg = Debug|Any CPU
		{69E3BB73-5934-4135-9201-4B7AB0BF17E8}.Debug|Any CPU.Build.0 = Debug|Any CPU
		{69E3BB73-5934-4135-9201-4B7AB0BF17E8}.Debug|Any CPU.Deploy.0 = Debug|Any CPU
		{69E3BB73-5934-4135-9201-4B7AB0BF17E8}.Debug|iPhone.ActiveCfg = Debug|Any CPU
		{69E3BB73-5934-4135-9201-4B7AB0BF17E8}.Debug|iPhone.Build.0 = Debug|Any CPU
		{69E3BB73-5934-4135-9201-4B7AB0BF17E8}.Debug|iPhoneSimulator.ActiveCfg = Debug|Any CPU
		{69E3BB73-5934-4135-9201-4B7AB0BF17E8}.Debug|iPhoneSimulator.Build.0 = Debug|Any CPU
		{69E3BB73-5934-4135-9201-4B7AB0BF17E8}.Release|Any CPU.ActiveCfg = Release|Any CPU
		{69E3BB73-5934-4135-9201-4B7AB0BF17E8}.Release|Any CPU.Build.0 = Release|Any CPU
		{69E3BB73-5934-4135-9201-4B7AB0BF17E8}.Release|iPhone.ActiveCfg = Release|Any CPU
		{69E3BB73-5934-4135-9201-4B7AB0BF17E8}.Release|iPhone.Build.0 = Release|Any CPU
		{69E3BB73-5934-4135-9201-4B7AB0BF17E8}.Release|iPhoneSimulator.ActiveCfg = Release|Any CPU
		{69E3BB73-5934-4135-9201-4B7AB0BF17E8}.Release|iPhoneSimulator.Build.0 = Release|Any CPU
		{71BF7649-A0CA-4F89-9259-E0A74471AD90}.Ad-Hoc|Any CPU.ActiveCfg = Debug|Any CPU
		{71BF7649-A0CA-4F89-9259-E0A74471AD90}.Ad-Hoc|Any CPU.Build.0 = Debug|Any CPU
		{71BF7649-A0CA-4F89-9259-E0A74471AD90}.Ad-Hoc|iPhone.ActiveCfg = Release|Any CPU
		{71BF7649-A0CA-4F89-9259-E0A74471AD90}.Ad-Hoc|iPhone.Build.0 = Release|Any CPU
		{71BF7649-A0CA-4F89-9259-E0A74471AD90}.Ad-Hoc|iPhoneSimulator.ActiveCfg = Debug|Any CPU
		{71BF7649-A0CA-4F89-9259-E0A74471AD90}.Ad-Hoc|iPhoneSimulator.Build.0 = Debug|Any CPU
		{71BF7649-A0CA-4F89-9259-E0A74471AD90}.AppStore|Any CPU.ActiveCfg = Debug|Any CPU
		{71BF7649-A0CA-4F89-9259-E0A74471AD90}.AppStore|Any CPU.Build.0 = Debug|Any CPU
		{71BF7649-A0CA-4F89-9259-E0A74471AD90}.AppStore|iPhone.ActiveCfg = Release|Any CPU
		{71BF7649-A0CA-4F89-9259-E0A74471AD90}.AppStore|iPhone.Build.0 = Release|Any CPU
		{71BF7649-A0CA-4F89-9259-E0A74471AD90}.AppStore|iPhoneSimulator.ActiveCfg = Debug|Any CPU
		{71BF7649-A0CA-4F89-9259-E0A74471AD90}.AppStore|iPhoneSimulator.Build.0 = Debug|Any CPU
		{71BF7649-A0CA-4F89-9259-E0A74471AD90}.Debug|Any CPU.ActiveCfg = Debug|Any CPU
		{71BF7649-A0CA-4F89-9259-E0A74471AD90}.Debug|Any CPU.Build.0 = Debug|Any CPU
		{71BF7649-A0CA-4F89-9259-E0A74471AD90}.Debug|iPhone.ActiveCfg = Debug|Any CPU
		{71BF7649-A0CA-4F89-9259-E0A74471AD90}.Debug|iPhone.Build.0 = Debug|Any CPU
		{71BF7649-A0CA-4F89-9259-E0A74471AD90}.Debug|iPhoneSimulator.ActiveCfg = Debug|Any CPU
		{71BF7649-A0CA-4F89-9259-E0A74471AD90}.Debug|iPhoneSimulator.Build.0 = Debug|Any CPU
		{71BF7649-A0CA-4F89-9259-E0A74471AD90}.Release|Any CPU.ActiveCfg = Release|Any CPU
		{71BF7649-A0CA-4F89-9259-E0A74471AD90}.Release|Any CPU.Build.0 = Release|Any CPU
		{71BF7649-A0CA-4F89-9259-E0A74471AD90}.Release|iPhone.ActiveCfg = Release|Any CPU
		{71BF7649-A0CA-4F89-9259-E0A74471AD90}.Release|iPhone.Build.0 = Release|Any CPU
		{71BF7649-A0CA-4F89-9259-E0A74471AD90}.Release|iPhoneSimulator.ActiveCfg = Release|Any CPU
		{71BF7649-A0CA-4F89-9259-E0A74471AD90}.Release|iPhoneSimulator.Build.0 = Release|Any CPU
		{84F99648-0A3A-4AFF-A49C-CE940465A599}.Ad-Hoc|Any CPU.ActiveCfg = Debug|Any CPU
		{84F99648-0A3A-4AFF-A49C-CE940465A599}.Ad-Hoc|Any CPU.Build.0 = Debug|Any CPU
		{84F99648-0A3A-4AFF-A49C-CE940465A599}.Ad-Hoc|iPhone.ActiveCfg = Release|Any CPU
		{84F99648-0A3A-4AFF-A49C-CE940465A599}.Ad-Hoc|iPhone.Build.0 = Release|Any CPU
		{84F99648-0A3A-4AFF-A49C-CE940465A599}.Ad-Hoc|iPhoneSimulator.ActiveCfg = Debug|Any CPU
		{84F99648-0A3A-4AFF-A49C-CE940465A599}.Ad-Hoc|iPhoneSimulator.Build.0 = Debug|Any CPU
		{84F99648-0A3A-4AFF-A49C-CE940465A599}.AppStore|Any CPU.ActiveCfg = Debug|Any CPU
		{84F99648-0A3A-4AFF-A49C-CE940465A599}.AppStore|Any CPU.Build.0 = Debug|Any CPU
		{84F99648-0A3A-4AFF-A49C-CE940465A599}.AppStore|iPhone.ActiveCfg = Release|Any CPU
		{84F99648-0A3A-4AFF-A49C-CE940465A599}.AppStore|iPhone.Build.0 = Release|Any CPU
		{84F99648-0A3A-4AFF-A49C-CE940465A599}.AppStore|iPhoneSimulator.ActiveCfg = Debug|Any CPU
		{84F99648-0A3A-4AFF-A49C-CE940465A599}.AppStore|iPhoneSimulator.Build.0 = Debug|Any CPU
		{84F99648-0A3A-4AFF-A49C-CE940465A599}.Debug|Any CPU.ActiveCfg = Debug|Any CPU
		{84F99648-0A3A-4AFF-A49C-CE940465A599}.Debug|Any CPU.Build.0 = Debug|Any CPU
		{84F99648-0A3A-4AFF-A49C-CE940465A599}.Debug|iPhone.ActiveCfg = Debug|Any CPU
		{84F99648-0A3A-4AFF-A49C-CE940465A599}.Debug|iPhone.Build.0 = Debug|Any CPU
		{84F99648-0A3A-4AFF-A49C-CE940465A599}.Debug|iPhoneSimulator.ActiveCfg = Debug|Any CPU
		{84F99648-0A3A-4AFF-A49C-CE940465A599}.Debug|iPhoneSimulator.Build.0 = Debug|Any CPU
		{84F99648-0A3A-4AFF-A49C-CE940465A599}.Release|Any CPU.ActiveCfg = Release|Any CPU
		{84F99648-0A3A-4AFF-A49C-CE940465A599}.Release|Any CPU.Build.0 = Release|Any CPU
		{84F99648-0A3A-4AFF-A49C-CE940465A599}.Release|iPhone.ActiveCfg = Release|Any CPU
		{84F99648-0A3A-4AFF-A49C-CE940465A599}.Release|iPhone.Build.0 = Release|Any CPU
		{84F99648-0A3A-4AFF-A49C-CE940465A599}.Release|iPhoneSimulator.ActiveCfg = Release|Any CPU
		{84F99648-0A3A-4AFF-A49C-CE940465A599}.Release|iPhoneSimulator.Build.0 = Release|Any CPU
		{3CF91C09-B501-4C7F-A906-0547996FACFC}.Ad-Hoc|Any CPU.ActiveCfg = Debug|Any CPU
		{3CF91C09-B501-4C7F-A906-0547996FACFC}.Ad-Hoc|Any CPU.Build.0 = Debug|Any CPU
		{3CF91C09-B501-4C7F-A906-0547996FACFC}.Ad-Hoc|iPhone.ActiveCfg = Release|Any CPU
		{3CF91C09-B501-4C7F-A906-0547996FACFC}.Ad-Hoc|iPhone.Build.0 = Release|Any CPU
		{3CF91C09-B501-4C7F-A906-0547996FACFC}.Ad-Hoc|iPhoneSimulator.ActiveCfg = Debug|Any CPU
		{3CF91C09-B501-4C7F-A906-0547996FACFC}.Ad-Hoc|iPhoneSimulator.Build.0 = Debug|Any CPU
		{3CF91C09-B501-4C7F-A906-0547996FACFC}.AppStore|Any CPU.ActiveCfg = Debug|Any CPU
		{3CF91C09-B501-4C7F-A906-0547996FACFC}.AppStore|Any CPU.Build.0 = Debug|Any CPU
		{3CF91C09-B501-4C7F-A906-0547996FACFC}.AppStore|iPhone.ActiveCfg = Release|Any CPU
		{3CF91C09-B501-4C7F-A906-0547996FACFC}.AppStore|iPhone.Build.0 = Release|Any CPU
		{3CF91C09-B501-4C7F-A906-0547996FACFC}.AppStore|iPhoneSimulator.ActiveCfg = Debug|Any CPU
		{3CF91C09-B501-4C7F-A906-0547996FACFC}.AppStore|iPhoneSimulator.Build.0 = Debug|Any CPU
		{3CF91C09-B501-4C7F-A906-0547996FACFC}.Debug|Any CPU.ActiveCfg = Debug|Any CPU
		{3CF91C09-B501-4C7F-A906-0547996FACFC}.Debug|Any CPU.Build.0 = Debug|Any CPU
		{3CF91C09-B501-4C7F-A906-0547996FACFC}.Debug|iPhone.ActiveCfg = Debug|Any CPU
		{3CF91C09-B501-4C7F-A906-0547996FACFC}.Debug|iPhone.Build.0 = Debug|Any CPU
		{3CF91C09-B501-4C7F-A906-0547996FACFC}.Debug|iPhoneSimulator.ActiveCfg = Debug|Any CPU
		{3CF91C09-B501-4C7F-A906-0547996FACFC}.Debug|iPhoneSimulator.Build.0 = Debug|Any CPU
		{3CF91C09-B501-4C7F-A906-0547996FACFC}.Release|Any CPU.ActiveCfg = Release|Any CPU
		{3CF91C09-B501-4C7F-A906-0547996FACFC}.Release|Any CPU.Build.0 = Release|Any CPU
		{3CF91C09-B501-4C7F-A906-0547996FACFC}.Release|iPhone.ActiveCfg = Release|Any CPU
		{3CF91C09-B501-4C7F-A906-0547996FACFC}.Release|iPhone.Build.0 = Release|Any CPU
		{3CF91C09-B501-4C7F-A906-0547996FACFC}.Release|iPhoneSimulator.ActiveCfg = Release|Any CPU
		{3CF91C09-B501-4C7F-A906-0547996FACFC}.Release|iPhoneSimulator.Build.0 = Release|Any CPU
		{FCCF7C8B-38EB-4CB9-AB9C-D994B235CCAF}.Ad-Hoc|Any CPU.ActiveCfg = Debug|Any CPU
		{FCCF7C8B-38EB-4CB9-AB9C-D994B235CCAF}.Ad-Hoc|Any CPU.Build.0 = Debug|Any CPU
		{FCCF7C8B-38EB-4CB9-AB9C-D994B235CCAF}.Ad-Hoc|iPhone.ActiveCfg = Debug|Any CPU
		{FCCF7C8B-38EB-4CB9-AB9C-D994B235CCAF}.Ad-Hoc|iPhone.Build.0 = Debug|Any CPU
		{FCCF7C8B-38EB-4CB9-AB9C-D994B235CCAF}.Ad-Hoc|iPhoneSimulator.ActiveCfg = Debug|Any CPU
		{FCCF7C8B-38EB-4CB9-AB9C-D994B235CCAF}.Ad-Hoc|iPhoneSimulator.Build.0 = Debug|Any CPU
		{FCCF7C8B-38EB-4CB9-AB9C-D994B235CCAF}.AppStore|Any CPU.ActiveCfg = Debug|Any CPU
		{FCCF7C8B-38EB-4CB9-AB9C-D994B235CCAF}.AppStore|Any CPU.Build.0 = Debug|Any CPU
		{FCCF7C8B-38EB-4CB9-AB9C-D994B235CCAF}.AppStore|iPhone.ActiveCfg = Debug|Any CPU
		{FCCF7C8B-38EB-4CB9-AB9C-D994B235CCAF}.AppStore|iPhone.Build.0 = Debug|Any CPU
		{FCCF7C8B-38EB-4CB9-AB9C-D994B235CCAF}.AppStore|iPhoneSimulator.ActiveCfg = Debug|Any CPU
		{FCCF7C8B-38EB-4CB9-AB9C-D994B235CCAF}.AppStore|iPhoneSimulator.Build.0 = Debug|Any CPU
		{FCCF7C8B-38EB-4CB9-AB9C-D994B235CCAF}.Debug|Any CPU.ActiveCfg = Debug|Any CPU
		{FCCF7C8B-38EB-4CB9-AB9C-D994B235CCAF}.Debug|Any CPU.Build.0 = Debug|Any CPU
		{FCCF7C8B-38EB-4CB9-AB9C-D994B235CCAF}.Debug|iPhone.ActiveCfg = Debug|Any CPU
		{FCCF7C8B-38EB-4CB9-AB9C-D994B235CCAF}.Debug|iPhone.Build.0 = Debug|Any CPU
		{FCCF7C8B-38EB-4CB9-AB9C-D994B235CCAF}.Debug|iPhoneSimulator.ActiveCfg = Debug|Any CPU
		{FCCF7C8B-38EB-4CB9-AB9C-D994B235CCAF}.Debug|iPhoneSimulator.Build.0 = Debug|Any CPU
		{FCCF7C8B-38EB-4CB9-AB9C-D994B235CCAF}.Release|Any CPU.ActiveCfg = Release|Any CPU
		{FCCF7C8B-38EB-4CB9-AB9C-D994B235CCAF}.Release|Any CPU.Build.0 = Release|Any CPU
		{FCCF7C8B-38EB-4CB9-AB9C-D994B235CCAF}.Release|iPhone.ActiveCfg = Release|Any CPU
		{FCCF7C8B-38EB-4CB9-AB9C-D994B235CCAF}.Release|iPhone.Build.0 = Release|Any CPU
		{FCCF7C8B-38EB-4CB9-AB9C-D994B235CCAF}.Release|iPhoneSimulator.ActiveCfg = Release|Any CPU
		{FCCF7C8B-38EB-4CB9-AB9C-D994B235CCAF}.Release|iPhoneSimulator.Build.0 = Release|Any CPU
		{56B4E23B-CAC3-4179-8576-80271C43CA62}.Ad-Hoc|Any CPU.ActiveCfg = Release|Any CPU
		{56B4E23B-CAC3-4179-8576-80271C43CA62}.Ad-Hoc|Any CPU.Build.0 = Release|Any CPU
		{56B4E23B-CAC3-4179-8576-80271C43CA62}.Ad-Hoc|iPhone.ActiveCfg = Release|Any CPU
		{56B4E23B-CAC3-4179-8576-80271C43CA62}.Ad-Hoc|iPhone.Build.0 = Release|Any CPU
		{56B4E23B-CAC3-4179-8576-80271C43CA62}.Ad-Hoc|iPhoneSimulator.ActiveCfg = Release|Any CPU
		{56B4E23B-CAC3-4179-8576-80271C43CA62}.Ad-Hoc|iPhoneSimulator.Build.0 = Release|Any CPU
		{56B4E23B-CAC3-4179-8576-80271C43CA62}.AppStore|Any CPU.ActiveCfg = Release|Any CPU
		{56B4E23B-CAC3-4179-8576-80271C43CA62}.AppStore|Any CPU.Build.0 = Release|Any CPU
		{56B4E23B-CAC3-4179-8576-80271C43CA62}.AppStore|iPhone.ActiveCfg = Release|Any CPU
		{56B4E23B-CAC3-4179-8576-80271C43CA62}.AppStore|iPhone.Build.0 = Release|Any CPU
		{56B4E23B-CAC3-4179-8576-80271C43CA62}.AppStore|iPhoneSimulator.ActiveCfg = Release|Any CPU
		{56B4E23B-CAC3-4179-8576-80271C43CA62}.AppStore|iPhoneSimulator.Build.0 = Release|Any CPU
		{56B4E23B-CAC3-4179-8576-80271C43CA62}.Debug|Any CPU.ActiveCfg = Debug|Any CPU
		{56B4E23B-CAC3-4179-8576-80271C43CA62}.Debug|Any CPU.Build.0 = Debug|Any CPU
		{56B4E23B-CAC3-4179-8576-80271C43CA62}.Debug|iPhone.ActiveCfg = Debug|Any CPU
		{56B4E23B-CAC3-4179-8576-80271C43CA62}.Debug|iPhone.Build.0 = Debug|Any CPU
		{56B4E23B-CAC3-4179-8576-80271C43CA62}.Debug|iPhoneSimulator.ActiveCfg = Debug|Any CPU
		{56B4E23B-CAC3-4179-8576-80271C43CA62}.Debug|iPhoneSimulator.Build.0 = Debug|Any CPU
		{56B4E23B-CAC3-4179-8576-80271C43CA62}.Release|Any CPU.ActiveCfg = Release|Any CPU
		{56B4E23B-CAC3-4179-8576-80271C43CA62}.Release|Any CPU.Build.0 = Release|Any CPU
		{56B4E23B-CAC3-4179-8576-80271C43CA62}.Release|iPhone.ActiveCfg = Release|Any CPU
		{56B4E23B-CAC3-4179-8576-80271C43CA62}.Release|iPhone.Build.0 = Release|Any CPU
		{56B4E23B-CAC3-4179-8576-80271C43CA62}.Release|iPhoneSimulator.ActiveCfg = Release|Any CPU
		{56B4E23B-CAC3-4179-8576-80271C43CA62}.Release|iPhoneSimulator.Build.0 = Release|Any CPU
		{EB926FCF-8A1F-4FB3-BE7C-5191AC241934}.Ad-Hoc|Any CPU.ActiveCfg = Release|Any CPU
		{EB926FCF-8A1F-4FB3-BE7C-5191AC241934}.Ad-Hoc|Any CPU.Build.0 = Release|Any CPU
		{EB926FCF-8A1F-4FB3-BE7C-5191AC241934}.Ad-Hoc|iPhone.ActiveCfg = Release|Any CPU
		{EB926FCF-8A1F-4FB3-BE7C-5191AC241934}.Ad-Hoc|iPhone.Build.0 = Release|Any CPU
		{EB926FCF-8A1F-4FB3-BE7C-5191AC241934}.Ad-Hoc|iPhoneSimulator.ActiveCfg = Release|Any CPU
		{EB926FCF-8A1F-4FB3-BE7C-5191AC241934}.Ad-Hoc|iPhoneSimulator.Build.0 = Release|Any CPU
		{EB926FCF-8A1F-4FB3-BE7C-5191AC241934}.AppStore|Any CPU.ActiveCfg = Release|Any CPU
		{EB926FCF-8A1F-4FB3-BE7C-5191AC241934}.AppStore|Any CPU.Build.0 = Release|Any CPU
		{EB926FCF-8A1F-4FB3-BE7C-5191AC241934}.AppStore|iPhone.ActiveCfg = Release|Any CPU
		{EB926FCF-8A1F-4FB3-BE7C-5191AC241934}.AppStore|iPhone.Build.0 = Release|Any CPU
		{EB926FCF-8A1F-4FB3-BE7C-5191AC241934}.AppStore|iPhoneSimulator.ActiveCfg = Release|Any CPU
		{EB926FCF-8A1F-4FB3-BE7C-5191AC241934}.AppStore|iPhoneSimulator.Build.0 = Release|Any CPU
		{EB926FCF-8A1F-4FB3-BE7C-5191AC241934}.Debug|Any CPU.ActiveCfg = Debug|Any CPU
		{EB926FCF-8A1F-4FB3-BE7C-5191AC241934}.Debug|Any CPU.Build.0 = Debug|Any CPU
		{EB926FCF-8A1F-4FB3-BE7C-5191AC241934}.Debug|iPhone.ActiveCfg = Debug|Any CPU
		{EB926FCF-8A1F-4FB3-BE7C-5191AC241934}.Debug|iPhone.Build.0 = Debug|Any CPU
		{EB926FCF-8A1F-4FB3-BE7C-5191AC241934}.Debug|iPhoneSimulator.ActiveCfg = Debug|Any CPU
		{EB926FCF-8A1F-4FB3-BE7C-5191AC241934}.Debug|iPhoneSimulator.Build.0 = Debug|Any CPU
		{EB926FCF-8A1F-4FB3-BE7C-5191AC241934}.Release|Any CPU.ActiveCfg = Release|Any CPU
		{EB926FCF-8A1F-4FB3-BE7C-5191AC241934}.Release|Any CPU.Build.0 = Release|Any CPU
		{EB926FCF-8A1F-4FB3-BE7C-5191AC241934}.Release|iPhone.ActiveCfg = Release|Any CPU
		{EB926FCF-8A1F-4FB3-BE7C-5191AC241934}.Release|iPhone.Build.0 = Release|Any CPU
		{EB926FCF-8A1F-4FB3-BE7C-5191AC241934}.Release|iPhoneSimulator.ActiveCfg = Release|Any CPU
		{EB926FCF-8A1F-4FB3-BE7C-5191AC241934}.Release|iPhoneSimulator.Build.0 = Release|Any CPU
		{D9CE40DF-48BF-4DC9-A504-B52648ED3106}.Ad-Hoc|Any CPU.ActiveCfg = Debug|Any CPU
		{D9CE40DF-48BF-4DC9-A504-B52648ED3106}.Ad-Hoc|Any CPU.Build.0 = Debug|Any CPU
		{D9CE40DF-48BF-4DC9-A504-B52648ED3106}.Ad-Hoc|iPhone.ActiveCfg = Debug|Any CPU
		{D9CE40DF-48BF-4DC9-A504-B52648ED3106}.Ad-Hoc|iPhone.Build.0 = Debug|Any CPU
		{D9CE40DF-48BF-4DC9-A504-B52648ED3106}.Ad-Hoc|iPhoneSimulator.ActiveCfg = Debug|Any CPU
		{D9CE40DF-48BF-4DC9-A504-B52648ED3106}.Ad-Hoc|iPhoneSimulator.Build.0 = Debug|Any CPU
		{D9CE40DF-48BF-4DC9-A504-B52648ED3106}.AppStore|Any CPU.ActiveCfg = Debug|Any CPU
		{D9CE40DF-48BF-4DC9-A504-B52648ED3106}.AppStore|Any CPU.Build.0 = Debug|Any CPU
		{D9CE40DF-48BF-4DC9-A504-B52648ED3106}.AppStore|iPhone.ActiveCfg = Debug|Any CPU
		{D9CE40DF-48BF-4DC9-A504-B52648ED3106}.AppStore|iPhone.Build.0 = Debug|Any CPU
		{D9CE40DF-48BF-4DC9-A504-B52648ED3106}.AppStore|iPhoneSimulator.ActiveCfg = Debug|Any CPU
		{D9CE40DF-48BF-4DC9-A504-B52648ED3106}.AppStore|iPhoneSimulator.Build.0 = Debug|Any CPU
		{D9CE40DF-48BF-4DC9-A504-B52648ED3106}.Debug|Any CPU.ActiveCfg = Debug|Any CPU
		{D9CE40DF-48BF-4DC9-A504-B52648ED3106}.Debug|Any CPU.Build.0 = Debug|Any CPU
		{D9CE40DF-48BF-4DC9-A504-B52648ED3106}.Debug|iPhone.ActiveCfg = Debug|Any CPU
		{D9CE40DF-48BF-4DC9-A504-B52648ED3106}.Debug|iPhone.Build.0 = Debug|Any CPU
		{D9CE40DF-48BF-4DC9-A504-B52648ED3106}.Debug|iPhoneSimulator.ActiveCfg = Debug|Any CPU
		{D9CE40DF-48BF-4DC9-A504-B52648ED3106}.Debug|iPhoneSimulator.Build.0 = Debug|Any CPU
		{D9CE40DF-48BF-4DC9-A504-B52648ED3106}.Release|Any CPU.ActiveCfg = Release|Any CPU
		{D9CE40DF-48BF-4DC9-A504-B52648ED3106}.Release|Any CPU.Build.0 = Release|Any CPU
		{D9CE40DF-48BF-4DC9-A504-B52648ED3106}.Release|iPhone.ActiveCfg = Release|Any CPU
		{D9CE40DF-48BF-4DC9-A504-B52648ED3106}.Release|iPhone.Build.0 = Release|Any CPU
		{D9CE40DF-48BF-4DC9-A504-B52648ED3106}.Release|iPhoneSimulator.ActiveCfg = Release|Any CPU
		{D9CE40DF-48BF-4DC9-A504-B52648ED3106}.Release|iPhoneSimulator.Build.0 = Release|Any CPU
		{554CF67C-6145-42F7-9B16-E6670FBE2909}.Ad-Hoc|Any CPU.ActiveCfg = Debug|Any CPU
		{554CF67C-6145-42F7-9B16-E6670FBE2909}.Ad-Hoc|Any CPU.Build.0 = Debug|Any CPU
		{554CF67C-6145-42F7-9B16-E6670FBE2909}.Ad-Hoc|iPhone.ActiveCfg = Debug|Any CPU
		{554CF67C-6145-42F7-9B16-E6670FBE2909}.Ad-Hoc|iPhone.Build.0 = Debug|Any CPU
		{554CF67C-6145-42F7-9B16-E6670FBE2909}.Ad-Hoc|iPhoneSimulator.ActiveCfg = Debug|Any CPU
		{554CF67C-6145-42F7-9B16-E6670FBE2909}.Ad-Hoc|iPhoneSimulator.Build.0 = Debug|Any CPU
		{554CF67C-6145-42F7-9B16-E6670FBE2909}.AppStore|Any CPU.ActiveCfg = Debug|Any CPU
		{554CF67C-6145-42F7-9B16-E6670FBE2909}.AppStore|Any CPU.Build.0 = Debug|Any CPU
		{554CF67C-6145-42F7-9B16-E6670FBE2909}.AppStore|iPhone.ActiveCfg = Debug|Any CPU
		{554CF67C-6145-42F7-9B16-E6670FBE2909}.AppStore|iPhone.Build.0 = Debug|Any CPU
		{554CF67C-6145-42F7-9B16-E6670FBE2909}.AppStore|iPhoneSimulator.ActiveCfg = Debug|Any CPU
		{554CF67C-6145-42F7-9B16-E6670FBE2909}.AppStore|iPhoneSimulator.Build.0 = Debug|Any CPU
		{554CF67C-6145-42F7-9B16-E6670FBE2909}.Debug|Any CPU.ActiveCfg = Debug|Any CPU
		{554CF67C-6145-42F7-9B16-E6670FBE2909}.Debug|Any CPU.Build.0 = Debug|Any CPU
		{554CF67C-6145-42F7-9B16-E6670FBE2909}.Debug|iPhone.ActiveCfg = Debug|Any CPU
		{554CF67C-6145-42F7-9B16-E6670FBE2909}.Debug|iPhone.Build.0 = Debug|Any CPU
		{554CF67C-6145-42F7-9B16-E6670FBE2909}.Debug|iPhoneSimulator.ActiveCfg = Debug|Any CPU
		{554CF67C-6145-42F7-9B16-E6670FBE2909}.Debug|iPhoneSimulator.Build.0 = Debug|Any CPU
		{554CF67C-6145-42F7-9B16-E6670FBE2909}.Release|Any CPU.ActiveCfg = Release|Any CPU
		{554CF67C-6145-42F7-9B16-E6670FBE2909}.Release|Any CPU.Build.0 = Release|Any CPU
		{554CF67C-6145-42F7-9B16-E6670FBE2909}.Release|iPhone.ActiveCfg = Release|Any CPU
		{554CF67C-6145-42F7-9B16-E6670FBE2909}.Release|iPhone.Build.0 = Release|Any CPU
		{554CF67C-6145-42F7-9B16-E6670FBE2909}.Release|iPhoneSimulator.ActiveCfg = Release|Any CPU
		{554CF67C-6145-42F7-9B16-E6670FBE2909}.Release|iPhoneSimulator.Build.0 = Release|Any CPU
	EndGlobalSection
	GlobalSection(SolutionProperties) = preSolution
		HideSolutionNode = FALSE
	EndGlobalSection
	GlobalSection(NestedProjects) = preSolution
		{69E3BB73-5934-4135-9201-4B7AB0BF17E8} = {8F3C8D9E-A33E-4B4F-8499-732BBE1086EC}
		{71BF7649-A0CA-4F89-9259-E0A74471AD90} = {311EAC67-79BE-484B-AB2D-366B6E415EBA}
		{84F99648-0A3A-4AFF-A49C-CE940465A599} = {311EAC67-79BE-484B-AB2D-366B6E415EBA}
		{3CF91C09-B501-4C7F-A906-0547996FACFC} = {311EAC67-79BE-484B-AB2D-366B6E415EBA}
		{194E0164-90C1-45E0-8DD0-C9914350DA73} = {311EAC67-79BE-484B-AB2D-366B6E415EBA}
		{FCCF7C8B-38EB-4CB9-AB9C-D994B235CCAF} = {E8DBB387-548B-4C30-A105-0ED7C842D3D6}
		{69611251-210F-47C5-A5E7-7DFCF9C38699} = {724B9759-BB5B-4DFA-A642-6B9FB74B7469}
		{56B4E23B-CAC3-4179-8576-80271C43CA62} = {724B9759-BB5B-4DFA-A642-6B9FB74B7469}
		{E97ADE0E-1FE5-423D-B253-1A74CEE93173} = {724B9759-BB5B-4DFA-A642-6B9FB74B7469}
		{EB926FCF-8A1F-4FB3-BE7C-5191AC241934} = {724B9759-BB5B-4DFA-A642-6B9FB74B7469}
		{1E6E8942-950F-42E6-B0C6-0FFF333B3C0A} = {724B9759-BB5B-4DFA-A642-6B9FB74B7469}
		{D9CE40DF-48BF-4DC9-A504-B52648ED3106} = {E8DBB387-548B-4C30-A105-0ED7C842D3D6}
		{554CF67C-6145-42F7-9B16-E6670FBE2909} = {E8DBB387-548B-4C30-A105-0ED7C842D3D6}
	EndGlobalSection
	GlobalSection(ExtensibilityGlobals) = postSolution
		SolutionGuid = {2C5B0F33-CC67-409B-9269-4DCD9F262A92}
	EndGlobalSection
EndGlobal
